// !$*UTF8*$!
{
	archiveVersion = 1;
	classes = {
	};
	objectVersion = 46;
	objects = {

/* Begin PBXBuildFile section */
		130443A11E3FEAA900D93A67 /* RCTJsonConvert.h in Headers */ = {isa = PBXBuildFile; fileRef = 1304439F1E3FEAA900D93A67 /* RCTJsonConvert.h */; };
		130443A21E3FEAA900D93A67 /* RCTJsonConvert.mm in Sources */ = {isa = PBXBuildFile; fileRef = 130443A01E3FEAA900D93A67 /* RCTJsonConvert.mm */; };
		14C2CA741B3AC64300E6CBB2 /* RCTModuleData.mm in Sources */ = {isa = PBXBuildFile; fileRef = 14C2CA731B3AC64300E6CBB2 /* RCTModuleData.mm */; };
		27595AB91E575C7800CCE2B1 /* NativeModule.h in Headers */ = {isa = PBXBuildFile; fileRef = 3D92B0CE1E03699D0018521A /* NativeModule.h */; settings = {ATTRIBUTES = (Public, ); }; };
		3D3CD9411DE5FC5300167DC4 /* libcxxreact.a in Frameworks */ = {isa = PBXBuildFile; fileRef = 3D3CD9251DE5FBEC00167DC4 /* libcxxreact.a */; };
		3D80D9271DF6FA890028D040 /* RCTBridge.h in Copy Headers */ = {isa = PBXBuildFile; fileRef = 83CBBA5E1A601EAA00E9B192 /* RCTBridge.h */; };
		3D80D92A1DF6FA890028D040 /* RCTBridgeMethod.h in Copy Headers */ = {isa = PBXBuildFile; fileRef = 13AFBCA11C07287B00BBAEAA /* RCTBridgeMethod.h */; };
		3D80D92B1DF6FA890028D040 /* RCTBridgeModule.h in Copy Headers */ = {isa = PBXBuildFile; fileRef = 830213F31A654E0800B993E6 /* RCTBridgeModule.h */; };
		3D80D92E1DF6FA890028D040 /* RCTDefines.h in Copy Headers */ = {isa = PBXBuildFile; fileRef = 13AF1F851AE6E777005F5298 /* RCTDefines.h */; };
		3D80D93B1DF6FA890028D040 /* RCTModuleData.h in Copy Headers */ = {isa = PBXBuildFile; fileRef = 14C2CA721B3AC64300E6CBB2 /* RCTModuleData.h */; };
		3D80D93C1DF6FA890028D040 /* RCTModuleMethod.h in Copy Headers */ = {isa = PBXBuildFile; fileRef = 14C2CA6F1B3AC63800E6CBB2 /* RCTModuleMethod.h */; };
		3D80DA211DF820620028D040 /* RCTBridge.h in Headers */ = {isa = PBXBuildFile; fileRef = 83CBBA5E1A601EAA00E9B192 /* RCTBridge.h */; settings = {ATTRIBUTES = (Public, ); }; };
		3D80DA241DF820620028D040 /* RCTBridgeMethod.h in Headers */ = {isa = PBXBuildFile; fileRef = 13AFBCA11C07287B00BBAEAA /* RCTBridgeMethod.h */; settings = {ATTRIBUTES = (Public, ); }; };
		3D80DA251DF820620028D040 /* RCTBridgeModule.h in Headers */ = {isa = PBXBuildFile; fileRef = 830213F31A654E0800B993E6 /* RCTBridgeModule.h */; settings = {ATTRIBUTES = (Public, ); }; };
		3D80DA281DF820620028D040 /* RCTDefines.h in Headers */ = {isa = PBXBuildFile; fileRef = 13AF1F851AE6E777005F5298 /* RCTDefines.h */; };
		3D80DA351DF820620028D040 /* RCTModuleData.h in Headers */ = {isa = PBXBuildFile; fileRef = 14C2CA721B3AC64300E6CBB2 /* RCTModuleData.h */; settings = {ATTRIBUTES = (Public, ); }; };
		3D80DA361DF820620028D040 /* RCTModuleMethod.h in Headers */ = {isa = PBXBuildFile; fileRef = 14C2CA6F1B3AC63800E6CBB2 /* RCTModuleMethod.h */; settings = {ATTRIBUTES = (Public, ); }; };
		3DA981B81E5B0E34004F2374 /* NativeModule.h in Copy Headers */ = {isa = PBXBuildFile; fileRef = 3D92B0CE1E03699D0018521A /* NativeModule.h */; };
		59EDBCAB1FDF4E0C003573DE /* (null) in Sources */ = {isa = PBXBuildFile; };
		59EDBCB31FDF4E0C003573DE /* (null) in Sources */ = {isa = PBXBuildFile; };
		59EDBCBE1FDF4E43003573DE /* (null) in Copy Headers */ = {isa = PBXBuildFile; };
		59EDBCC01FDF4E43003573DE /* (null) in Copy Headers */ = {isa = PBXBuildFile; };
		83CBBA601A601EAA00E9B192 /* RCTBridge.m in Sources */ = {isa = PBXBuildFile; fileRef = 83CBBA5F1A601EAA00E9B192 /* RCTBridge.m */; };
		8A071D842174783200DD499C /* RCTAssert.h in Headers */ = {isa = PBXBuildFile; fileRef = 8A071D822174783100DD499C /* RCTAssert.h */; };
		8A071D852174783200DD499C /* RCTAssert.m in Sources */ = {isa = PBXBuildFile; fileRef = 8A071D832174783100DD499C /* RCTAssert.m */; };
		8A071D8A2174788000DD499C /* RCTUtils.m in Sources */ = {isa = PBXBuildFile; fileRef = 8A071D862174788000DD499C /* RCTUtils.m */; };
		8A071D8B2174788000DD499C /* RCTUtils.h in Headers */ = {isa = PBXBuildFile; fileRef = 8A071D872174788000DD499C /* RCTUtils.h */; };
		8A071D8C2174788000DD499C /* RCTLog.mm in Sources */ = {isa = PBXBuildFile; fileRef = 8A071D882174788000DD499C /* RCTLog.mm */; };
		8A071D8D2174788000DD499C /* RCTLog.h in Headers */ = {isa = PBXBuildFile; fileRef = 8A071D892174788000DD499C /* RCTLog.h */; };
		8A22B9EA217DAB76001B53F6 /* RCTParserUtils.h in Headers */ = {isa = PBXBuildFile; fileRef = 8A22B9E8217DAB76001B53F6 /* RCTParserUtils.h */; };
		8A22B9EB217DAB76001B53F6 /* RCTParserUtils.m in Sources */ = {isa = PBXBuildFile; fileRef = 8A22B9E9217DAB76001B53F6 /* RCTParserUtils.m */; };
		8A22B9EC217DABEF001B53F6 /* RCTConvert.h in Headers */ = {isa = PBXBuildFile; fileRef = 8A22B9E4217DAADE001B53F6 /* RCTConvert.h */; };
		8A22B9ED217DABF1001B53F6 /* RCTConvert.m in Sources */ = {isa = PBXBuildFile; fileRef = 8A22B9E5217DAADE001B53F6 /* RCTConvert.m */; };
		8ABB415F21788FD100E036A9 /* RCTCxxBridge.h in Headers */ = {isa = PBXBuildFile; fileRef = 8ABB415D21788FD100E036A9 /* RCTCxxBridge.h */; };
		8ABB416021788FD100E036A9 /* RCTCxxBridge.mm in Sources */ = {isa = PBXBuildFile; fileRef = 8ABB415E21788FD100E036A9 /* RCTCxxBridge.mm */; };
		8AEF85F521B7BD4E0045C86F /* json11.hpp in Headers */ = {isa = PBXBuildFile; fileRef = 8AEF85F321B7BD4E0045C86F /* json11.hpp */; };
		8AEF85F621B7BD4E0045C86F /* json11.cc in Sources */ = {isa = PBXBuildFile; fileRef = 8AEF85F421B7BD4E0045C86F /* json11.cc */; };
		8AEF85F721B7BDCE0045C86F /* json11.hpp in Copy Headers */ = {isa = PBXBuildFile; fileRef = 8AEF85F321B7BD4E0045C86F /* json11.hpp */; };
		8AEF85F821B7C0260045C86F /* ModuleRegistry.cpp in Sources */ = {isa = PBXBuildFile; fileRef = 8AF3A9132188716A00842772 /* ModuleRegistry.cpp */; };
		8AF3A90D2186EA6400842772 /* RCTNativeModule.mm in Sources */ = {isa = PBXBuildFile; fileRef = 8AF3A90B2186EA6300842772 /* RCTNativeModule.mm */; };
		8AF3A90E2186EA6400842772 /* RCTNativeModule.h in Headers */ = {isa = PBXBuildFile; fileRef = 8AF3A90C2186EA6400842772 /* RCTNativeModule.h */; };
		8AF3A9112186EAB300842772 /* RCTCxxUtils.mm in Sources */ = {isa = PBXBuildFile; fileRef = 8AF3A90F2186EAB300842772 /* RCTCxxUtils.mm */; };
		8AF3A9122186EAB300842772 /* RCTCxxUtils.h in Headers */ = {isa = PBXBuildFile; fileRef = 8AF3A9102186EAB300842772 /* RCTCxxUtils.h */; };
		8AF3A9162188716A00842772 /* ModuleRegistry.h in Headers */ = {isa = PBXBuildFile; fileRef = 8AF3A9142188716A00842772 /* ModuleRegistry.h */; };
		8AF3A91A2188728D00842772 /* ModuleRegistry.h in Copy Headers */ = {isa = PBXBuildFile; fileRef = 8AF3A9142188716A00842772 /* ModuleRegistry.h */; };
		8AF3A91B218878AA00842772 /* RCTCxxUtils.h in Copy Headers */ = {isa = PBXBuildFile; fileRef = 8AF3A9102186EAB300842772 /* RCTCxxUtils.h */; };
		8AF3A91C218878BD00842772 /* RCTNativeModule.h in Copy Headers */ = {isa = PBXBuildFile; fileRef = 8AF3A90C2186EA6400842772 /* RCTNativeModule.h */; };
		C606692E1F3CC60500E67165 /* RCTModuleMethod.mm in Sources */ = {isa = PBXBuildFile; fileRef = C606692D1F3CC60500E67165 /* RCTModuleMethod.mm */; };
/* End PBXBuildFile section */

/* Begin PBXContainerItemProxy section */
		3D3CD94B1DE5FCE700167DC4 /* PBXContainerItemProxy */ = {
			isa = PBXContainerItemProxy;
			containerPortal = 83CBB9F71A601CBA00E9B192 /* Project object */;
			proxyType = 1;
			remoteGlobalIDString = 3D3CD9191DE5FBEC00167DC4;
			remoteInfo = cxxreact;
		};
/* End PBXContainerItemProxy section */

/* Begin PBXCopyFilesBuildPhase section */
		3D80D91E1DF6FA530028D040 /* Copy Headers */ = {
			isa = PBXCopyFilesBuildPhase;
			buildActionMask = 2147483647;
			dstPath = include/React;
			dstSubfolderSpec = 16;
			files = (
				8AF3A91C218878BD00842772 /* RCTNativeModule.h in Copy Headers */,
				8AF3A91B218878AA00842772 /* RCTCxxUtils.h in Copy Headers */,
				59EDBCBE1FDF4E43003573DE /* (null) in Copy Headers */,
				59EDBCC01FDF4E43003573DE /* (null) in Copy Headers */,
				3D80D9271DF6FA890028D040 /* RCTBridge.h in Copy Headers */,
				3D80D92A1DF6FA890028D040 /* RCTBridgeMethod.h in Copy Headers */,
				3D80D92B1DF6FA890028D040 /* RCTBridgeModule.h in Copy Headers */,
				3D80D92E1DF6FA890028D040 /* RCTDefines.h in Copy Headers */,
				3D80D93B1DF6FA890028D040 /* RCTModuleData.h in Copy Headers */,
				3D80D93C1DF6FA890028D040 /* RCTModuleMethod.h in Copy Headers */,
			);
			name = "Copy Headers";
			runOnlyForDeploymentPostprocessing = 0;
		};
		3D80DAB91DF821710028D040 /* Copy Headers */ = {
			isa = PBXCopyFilesBuildPhase;
			buildActionMask = 2147483647;
			dstPath = include/cxxreact;
			dstSubfolderSpec = 16;
			files = (
				8AEF85F721B7BDCE0045C86F /* json11.hpp in Copy Headers */,
				8AF3A91A2188728D00842772 /* ModuleRegistry.h in Copy Headers */,
				3DA981B81E5B0E34004F2374 /* NativeModule.h in Copy Headers */,
			);
			name = "Copy Headers";
			runOnlyForDeploymentPostprocessing = 0;
		};
/* End PBXCopyFilesBuildPhase section */

/* Begin PBXFileReference section */
		1304439F1E3FEAA900D93A67 /* RCTJsonConvert.h */ = {isa = PBXFileReference; fileEncoding = 4; lastKnownFileType = sourcecode.c.h; name = RCTJsonConvert.h; path = CxxUtils/RCTJsonConvert.h; sourceTree = "<group>"; };
		130443A01E3FEAA900D93A67 /* RCTJsonConvert.mm */ = {isa = PBXFileReference; fileEncoding = 4; lastKnownFileType = sourcecode.cpp.objcpp; name = RCTJsonConvert.mm; path = CxxUtils/RCTJsonConvert.mm; sourceTree = "<group>"; };
		13AF1F851AE6E777005F5298 /* RCTDefines.h */ = {isa = PBXFileReference; fileEncoding = 4; lastKnownFileType = sourcecode.c.h; path = RCTDefines.h; sourceTree = "<group>"; };
		13AFBCA11C07287B00BBAEAA /* RCTBridgeMethod.h */ = {isa = PBXFileReference; fileEncoding = 4; lastKnownFileType = sourcecode.c.h; path = RCTBridgeMethod.h; sourceTree = "<group>"; };
		14C2CA6F1B3AC63800E6CBB2 /* RCTModuleMethod.h */ = {isa = PBXFileReference; fileEncoding = 4; lastKnownFileType = sourcecode.c.h; path = RCTModuleMethod.h; sourceTree = "<group>"; };
		14C2CA721B3AC64300E6CBB2 /* RCTModuleData.h */ = {isa = PBXFileReference; fileEncoding = 4; lastKnownFileType = sourcecode.c.h; path = RCTModuleData.h; sourceTree = "<group>"; };
		14C2CA731B3AC64300E6CBB2 /* RCTModuleData.mm */ = {isa = PBXFileReference; fileEncoding = 4; lastKnownFileType = sourcecode.cpp.objcpp; path = RCTModuleData.mm; sourceTree = "<group>"; };
		3D3CD9251DE5FBEC00167DC4 /* libcxxreact.a */ = {isa = PBXFileReference; explicitFileType = archive.ar; includeInIndex = 0; path = libcxxreact.a; sourceTree = BUILT_PRODUCTS_DIR; };
		3D92B0A71E03699D0018521A /* CxxModule.h */ = {isa = PBXFileReference; fileEncoding = 4; lastKnownFileType = sourcecode.c.h; path = CxxModule.h; sourceTree = "<group>"; };
		3D92B0CE1E03699D0018521A /* NativeModule.h */ = {isa = PBXFileReference; fileEncoding = 4; lastKnownFileType = sourcecode.c.h; path = NativeModule.h; sourceTree = "<group>"; };
		830213F31A654E0800B993E6 /* RCTBridgeModule.h */ = {isa = PBXFileReference; lastKnownFileType = sourcecode.c.h; path = RCTBridgeModule.h; sourceTree = "<group>"; };
		83CBBA2E1A601D0E00E9B192 /* libReact.a */ = {isa = PBXFileReference; explicitFileType = archive.ar; includeInIndex = 0; path = libReact.a; sourceTree = BUILT_PRODUCTS_DIR; };
		83CBBA5E1A601EAA00E9B192 /* RCTBridge.h */ = {isa = PBXFileReference; fileEncoding = 4; lastKnownFileType = sourcecode.c.h; path = RCTBridge.h; sourceTree = "<group>"; };
		83CBBA5F1A601EAA00E9B192 /* RCTBridge.m */ = {isa = PBXFileReference; fileEncoding = 4; lastKnownFileType = sourcecode.c.objc; path = RCTBridge.m; sourceTree = "<group>"; };
		8A071D822174783100DD499C /* RCTAssert.h */ = {isa = PBXFileReference; fileEncoding = 4; lastKnownFileType = sourcecode.c.h; path = RCTAssert.h; sourceTree = "<group>"; };
		8A071D832174783100DD499C /* RCTAssert.m */ = {isa = PBXFileReference; fileEncoding = 4; lastKnownFileType = sourcecode.c.objc; path = RCTAssert.m; sourceTree = "<group>"; };
		8A071D862174788000DD499C /* RCTUtils.m */ = {isa = PBXFileReference; fileEncoding = 4; lastKnownFileType = sourcecode.c.objc; path = RCTUtils.m; sourceTree = "<group>"; };
		8A071D872174788000DD499C /* RCTUtils.h */ = {isa = PBXFileReference; fileEncoding = 4; lastKnownFileType = sourcecode.c.h; path = RCTUtils.h; sourceTree = "<group>"; };
		8A071D882174788000DD499C /* RCTLog.mm */ = {isa = PBXFileReference; fileEncoding = 4; lastKnownFileType = sourcecode.cpp.objcpp; path = RCTLog.mm; sourceTree = "<group>"; };
		8A071D892174788000DD499C /* RCTLog.h */ = {isa = PBXFileReference; fileEncoding = 4; lastKnownFileType = sourcecode.c.h; path = RCTLog.h; sourceTree = "<group>"; };
		8A22B9E4217DAADE001B53F6 /* RCTConvert.h */ = {isa = PBXFileReference; fileEncoding = 4; lastKnownFileType = sourcecode.c.h; path = RCTConvert.h; sourceTree = "<group>"; };
		8A22B9E5217DAADE001B53F6 /* RCTConvert.m */ = {isa = PBXFileReference; fileEncoding = 4; lastKnownFileType = sourcecode.c.objc; path = RCTConvert.m; sourceTree = "<group>"; };
		8A22B9E8217DAB76001B53F6 /* RCTParserUtils.h */ = {isa = PBXFileReference; fileEncoding = 4; lastKnownFileType = sourcecode.c.h; path = RCTParserUtils.h; sourceTree = "<group>"; };
		8A22B9E9217DAB76001B53F6 /* RCTParserUtils.m */ = {isa = PBXFileReference; fileEncoding = 4; lastKnownFileType = sourcecode.c.objc; path = RCTParserUtils.m; sourceTree = "<group>"; };
		8ABB415D21788FD100E036A9 /* RCTCxxBridge.h */ = {isa = PBXFileReference; lastKnownFileType = sourcecode.c.h; path = RCTCxxBridge.h; sourceTree = "<group>"; };
		8ABB415E21788FD100E036A9 /* RCTCxxBridge.mm */ = {isa = PBXFileReference; lastKnownFileType = sourcecode.cpp.objcpp; path = RCTCxxBridge.mm; sourceTree = "<group>"; };
		8AEF85F321B7BD4E0045C86F /* json11.hpp */ = {isa = PBXFileReference; fileEncoding = 4; lastKnownFileType = sourcecode.cpp.h; path = json11.hpp; sourceTree = "<group>"; };
		8AEF85F421B7BD4E0045C86F /* json11.cc */ = {isa = PBXFileReference; fileEncoding = 4; lastKnownFileType = sourcecode.cpp.cpp; path = json11.cc; sourceTree = "<group>"; };
		8AF3A90B2186EA6300842772 /* RCTNativeModule.mm */ = {isa = PBXFileReference; fileEncoding = 4; lastKnownFileType = sourcecode.cpp.objcpp; path = RCTNativeModule.mm; sourceTree = "<group>"; };
		8AF3A90C2186EA6400842772 /* RCTNativeModule.h */ = {isa = PBXFileReference; fileEncoding = 4; lastKnownFileType = sourcecode.c.h; path = RCTNativeModule.h; sourceTree = "<group>"; };
		8AF3A90F2186EAB300842772 /* RCTCxxUtils.mm */ = {isa = PBXFileReference; fileEncoding = 4; lastKnownFileType = sourcecode.cpp.objcpp; path = RCTCxxUtils.mm; sourceTree = "<group>"; };
		8AF3A9102186EAB300842772 /* RCTCxxUtils.h */ = {isa = PBXFileReference; fileEncoding = 4; lastKnownFileType = sourcecode.c.h; path = RCTCxxUtils.h; sourceTree = "<group>"; };
		8AF3A9132188716A00842772 /* ModuleRegistry.cpp */ = {isa = PBXFileReference; fileEncoding = 4; lastKnownFileType = sourcecode.cpp.cpp; path = ModuleRegistry.cpp; sourceTree = "<group>"; };
		8AF3A9142188716A00842772 /* ModuleRegistry.h */ = {isa = PBXFileReference; fileEncoding = 4; lastKnownFileType = sourcecode.c.h; path = ModuleRegistry.h; sourceTree = "<group>"; };
		C606692D1F3CC60500E67165 /* RCTModuleMethod.mm */ = {isa = PBXFileReference; fileEncoding = 4; lastKnownFileType = sourcecode.cpp.objcpp; path = RCTModuleMethod.mm; sourceTree = "<group>"; };
/* End PBXFileReference section */

/* Begin PBXFrameworksBuildPhase section */
		3D3C08881DE342EE00C268FA /* Frameworks */ = {
			isa = PBXFrameworksBuildPhase;
			buildActionMask = 2147483647;
			files = (
				3D3CD9411DE5FC5300167DC4 /* libcxxreact.a in Frameworks */,
			);
			runOnlyForDeploymentPostprocessing = 0;
		};
/* End PBXFrameworksBuildPhase section */

/* Begin PBXGroup section */
		1304439E1E3FEA8B00D93A67 /* CxxUtils */ = {
			isa = PBXGroup;
			children = (
				1304439F1E3FEAA900D93A67 /* RCTJsonConvert.h */,
				130443A01E3FEAA900D93A67 /* RCTJsonConvert.mm */,
			);
			name = CxxUtils;
			sourceTree = "<group>";
		};
		13134C721E296B2A00B9F3CB /* CxxBridge */ = {
			isa = PBXGroup;
			children = (
				8ABB415D21788FD100E036A9 /* RCTCxxBridge.h */,
				8ABB415E21788FD100E036A9 /* RCTCxxBridge.mm */,
			);
			path = CxxBridge;
			sourceTree = "<group>";
		};
		13134C7D1E296B2A00B9F3CB /* CxxModule */ = {
			isa = PBXGroup;
			children = (
				8AF3A9102186EAB300842772 /* RCTCxxUtils.h */,
				8AF3A90F2186EAB300842772 /* RCTCxxUtils.mm */,
				8AF3A90C2186EA6400842772 /* RCTNativeModule.h */,
				8AF3A90B2186EA6300842772 /* RCTNativeModule.mm */,
			);
			path = CxxModule;
			sourceTree = "<group>";
		};
		3D10A3C71DDF3CED004A0F9D /* ReactCommon */ = {
			isa = PBXGroup;
			children = (
				8AEF85F121B7BD4E0045C86F /* json11 */,
				AC70D2EA1DE489FC002E6351 /* cxxreact */,
			);
			name = ReactCommon;
			path = ../ReactCommon;
			sourceTree = "<group>";
		};
		53D123821FBF1D49001B8A10 /* Frameworks */ = {
			isa = PBXGroup;
			children = (
			);
			name = Frameworks;
			sourceTree = "<group>";
		};
		83CBB9F61A601CBA00E9B192 = {
			isa = PBXGroup;
			children = (
				83CBBA2F1A601D0F00E9B192 /* React */,
				3D10A3C71DDF3CED004A0F9D /* ReactCommon */,
				83CBBA001A601CBA00E9B192 /* Products */,
				53D123821FBF1D49001B8A10 /* Frameworks */,
			);
			indentWidth = 2;
			sourceTree = "<group>";
			tabWidth = 2;
			usesTabs = 0;
		};
		83CBBA001A601CBA00E9B192 /* Products */ = {
			isa = PBXGroup;
			children = (
				83CBBA2E1A601D0E00E9B192 /* libReact.a */,
				3D3CD9251DE5FBEC00167DC4 /* libcxxreact.a */,
			);
			name = Products;
			sourceTree = "<group>";
		};
		83CBBA2F1A601D0F00E9B192 /* React */ = {
			isa = PBXGroup;
			children = (
				83CBBA491A601E3B00E9B192 /* Base */,
				13134C721E296B2A00B9F3CB /* CxxBridge */,
				13134C7D1E296B2A00B9F3CB /* CxxModule */,
				1304439E1E3FEA8B00D93A67 /* CxxUtils */,
			);
			name = React;
			sourceTree = "<group>";
		};
		83CBBA491A601E3B00E9B192 /* Base */ = {
			isa = PBXGroup;
			children = (
				8A071D892174788000DD499C /* RCTLog.h */,
				8A071D882174788000DD499C /* RCTLog.mm */,
				8A071D872174788000DD499C /* RCTUtils.h */,
				8A071D862174788000DD499C /* RCTUtils.m */,
				8A071D822174783100DD499C /* RCTAssert.h */,
				8A071D832174783100DD499C /* RCTAssert.m */,
				83CBBA5E1A601EAA00E9B192 /* RCTBridge.h */,
				83CBBA5F1A601EAA00E9B192 /* RCTBridge.m */,
				13AFBCA11C07287B00BBAEAA /* RCTBridgeMethod.h */,
				830213F31A654E0800B993E6 /* RCTBridgeModule.h */,
				13AF1F851AE6E777005F5298 /* RCTDefines.h */,
				14C2CA721B3AC64300E6CBB2 /* RCTModuleData.h */,
				14C2CA731B3AC64300E6CBB2 /* RCTModuleData.mm */,
				8A22B9E8217DAB76001B53F6 /* RCTParserUtils.h */,
				8A22B9E9217DAB76001B53F6 /* RCTParserUtils.m */,
				8A22B9E4217DAADE001B53F6 /* RCTConvert.h */,
				8A22B9E5217DAADE001B53F6 /* RCTConvert.m */,
				14C2CA6F1B3AC63800E6CBB2 /* RCTModuleMethod.h */,
				C606692D1F3CC60500E67165 /* RCTModuleMethod.mm */,
			);
			path = Base;
			sourceTree = "<group>";
		};
		8AEF85F121B7BD4E0045C86F /* json11 */ = {
			isa = PBXGroup;
			children = (
				8AEF85F321B7BD4E0045C86F /* json11.hpp */,
				8AEF85F421B7BD4E0045C86F /* json11.cc */,
			);
			path = json11;
			sourceTree = "<group>";
		};
		AC70D2EA1DE489FC002E6351 /* cxxreact */ = {
			isa = PBXGroup;
			children = (
				3D92B0A71E03699D0018521A /* CxxModule.h */,
				3D92B0CE1E03699D0018521A /* NativeModule.h */,
				8AF3A9142188716A00842772 /* ModuleRegistry.h */,
				8AF3A9132188716A00842772 /* ModuleRegistry.cpp */,
			);
			path = cxxreact;
			sourceTree = "<group>";
		};
/* End PBXGroup section */

/* Begin PBXHeadersBuildPhase section */
		3D3CD91A1DE5FBEC00167DC4 /* Headers */ = {
			isa = PBXHeadersBuildPhase;
			buildActionMask = 2147483647;
			files = (
				8AEF85F521B7BD4E0045C86F /* json11.hpp in Headers */,
				27595AB91E575C7800CCE2B1 /* NativeModule.h in Headers */,
				8AF3A9162188716A00842772 /* ModuleRegistry.h in Headers */,
			);
			runOnlyForDeploymentPostprocessing = 0;
		};
		3D80DA181DF820500028D040 /* Headers */ = {
			isa = PBXHeadersBuildPhase;
			buildActionMask = 2147483647;
			files = (
				8AF3A9122186EAB300842772 /* RCTCxxUtils.h in Headers */,
				8A22B9EA217DAB76001B53F6 /* RCTParserUtils.h in Headers */,
				8ABB415F21788FD100E036A9 /* RCTCxxBridge.h in Headers */,
				3D80DA211DF820620028D040 /* RCTBridge.h in Headers */,
				8AF3A90E2186EA6400842772 /* RCTNativeModule.h in Headers */,
				3D80DA241DF820620028D040 /* RCTBridgeMethod.h in Headers */,
				8A071D8D2174788000DD499C /* RCTLog.h in Headers */,
				8A071D8B2174788000DD499C /* RCTUtils.h in Headers */,
				8A071D842174783200DD499C /* RCTAssert.h in Headers */,
				130443A11E3FEAA900D93A67 /* RCTJsonConvert.h in Headers */,
				3D80DA281DF820620028D040 /* RCTDefines.h in Headers */,
				3D80DA251DF820620028D040 /* RCTBridgeModule.h in Headers */,
				3D80DA351DF820620028D040 /* RCTModuleData.h in Headers */,
				3D80DA361DF820620028D040 /* RCTModuleMethod.h in Headers */,
				8A22B9EC217DABEF001B53F6 /* RCTConvert.h in Headers */,
			);
			runOnlyForDeploymentPostprocessing = 0;
		};
/* End PBXHeadersBuildPhase section */

/* Begin PBXNativeTarget section */
		3D3CD9191DE5FBEC00167DC4 /* cxxreact */ = {
			isa = PBXNativeTarget;
			buildConfigurationList = 3D3CD9221DE5FBEC00167DC4 /* Build configuration list for PBXNativeTarget "cxxreact" */;
			buildPhases = (
				3D3CD91A1DE5FBEC00167DC4 /* Headers */,
				3D80DAB91DF821710028D040 /* Copy Headers */,
				3D3CD91F1DE5FBEC00167DC4 /* Sources */,
			);
			buildRules = (
			);
			dependencies = (
			);
			name = cxxreact;
			productName = React;
			productReference = 3D3CD9251DE5FBEC00167DC4 /* libcxxreact.a */;
			productType = "com.apple.product-type.library.static";
		};
		83CBBA2D1A601D0E00E9B192 /* React */ = {
			isa = PBXNativeTarget;
			buildConfigurationList = 83CBBA3F1A601D0F00E9B192 /* Build configuration list for PBXNativeTarget "React" */;
			buildPhases = (
				3D80DA181DF820500028D040 /* Headers */,
				3D80D91E1DF6FA530028D040 /* Copy Headers */,
				83CBBA2A1A601D0E00E9B192 /* Sources */,
				3D3C08881DE342EE00C268FA /* Frameworks */,
			);
			buildRules = (
			);
			dependencies = (
				3D3CD94C1DE5FCE700167DC4 /* PBXTargetDependency */,
			);
			name = React;
			productName = React;
			productReference = 83CBBA2E1A601D0E00E9B192 /* libReact.a */;
			productType = "com.apple.product-type.library.static";
		};
/* End PBXNativeTarget section */

/* Begin PBXProject section */
		83CBB9F71A601CBA00E9B192 /* Project object */ = {
			isa = PBXProject;
			attributes = {
				LastUpgradeCheck = 0940;
				ORGANIZATIONNAME = Facebook;
				TargetAttributes = {
					83CBBA2D1A601D0E00E9B192 = {
						CreatedOnToolsVersion = 6.1.1;
					};
				};
			};
			buildConfigurationList = 83CBB9FA1A601CBA00E9B192 /* Build configuration list for PBXProject "React" */;
			compatibilityVersion = "Xcode 3.2";
			developmentRegion = English;
			hasScannedForEncodings = 0;
			knownRegions = (
				en,
				Base,
			);
			mainGroup = 83CBB9F61A601CBA00E9B192;
			productRefGroup = 83CBBA001A601CBA00E9B192 /* Products */;
			projectDirPath = "";
			projectRoot = "";
			targets = (
				83CBBA2D1A601D0E00E9B192 /* React */,
				3D3CD9191DE5FBEC00167DC4 /* cxxreact */,
			);
		};
/* End PBXProject section */

/* Begin PBXSourcesBuildPhase section */
		3D3CD91F1DE5FBEC00167DC4 /* Sources */ = {
			isa = PBXSourcesBuildPhase;
			buildActionMask = 2147483647;
			files = (
				8AEF85F821B7C0260045C86F /* ModuleRegistry.cpp in Sources */,
				8AEF85F621B7BD4E0045C86F /* json11.cc in Sources */,
			);
			runOnlyForDeploymentPostprocessing = 0;
		};
		83CBBA2A1A601D0E00E9B192 /* Sources */ = {
			isa = PBXSourcesBuildPhase;
			buildActionMask = 2147483647;
			files = (
				59EDBCB31FDF4E0C003573DE /* (null) in Sources */,
				130443A21E3FEAA900D93A67 /* RCTJsonConvert.mm in Sources */,
				8A22B9EB217DAB76001B53F6 /* RCTParserUtils.m in Sources */,
				C606692E1F3CC60500E67165 /* RCTModuleMethod.mm in Sources */,
				8A071D852174783200DD499C /* RCTAssert.m in Sources */,
				8A22B9ED217DABF1001B53F6 /* RCTConvert.m in Sources */,
				8AF3A90D2186EA6400842772 /* RCTNativeModule.mm in Sources */,
				59EDBCAB1FDF4E0C003573DE /* (null) in Sources */,
				14C2CA741B3AC64300E6CBB2 /* RCTModuleData.mm in Sources */,
				8A071D8C2174788000DD499C /* RCTLog.mm in Sources */,
				83CBBA601A601EAA00E9B192 /* RCTBridge.m in Sources */,
				8ABB416021788FD100E036A9 /* RCTCxxBridge.mm in Sources */,
				8A071D8A2174788000DD499C /* RCTUtils.m in Sources */,
				8AF3A9112186EAB300842772 /* RCTCxxUtils.mm in Sources */,
			);
			runOnlyForDeploymentPostprocessing = 0;
		};
/* End PBXSourcesBuildPhase section */

/* Begin PBXTargetDependency section */
		3D3CD94C1DE5FCE700167DC4 /* PBXTargetDependency */ = {
			isa = PBXTargetDependency;
			target = 3D3CD9191DE5FBEC00167DC4 /* cxxreact */;
			targetProxy = 3D3CD94B1DE5FCE700167DC4 /* PBXContainerItemProxy */;
		};
/* End PBXTargetDependency section */

/* Begin XCBuildConfiguration section */
		3D3CD9231DE5FBEC00167DC4 /* Debug */ = {
			isa = XCBuildConfiguration;
			buildSettings = {
				CLANG_CXX_LANGUAGE_STANDARD = "c++14";
				CLANG_STATIC_ANALYZER_MODE = deep;
				ENABLE_BITCODE = NO;
				GCC_WARN_ABOUT_MISSING_NEWLINE = YES;
				HEADER_SEARCH_PATHS = "";
				ONLY_ACTIVE_ARCH = NO;
				OTHER_LDFLAGS = "-ObjC";
				PRODUCT_NAME = "$(TARGET_NAME)";
				PUBLIC_HEADERS_FOLDER_PATH = /usr/local/include/cxxreact;
				RUN_CLANG_STATIC_ANALYZER = YES;
			};
			name = Debug;
		};
		3D3CD9241DE5FBEC00167DC4 /* Release */ = {
			isa = XCBuildConfiguration;
			buildSettings = {
				CLANG_CXX_LANGUAGE_STANDARD = "c++14";
				CLANG_STATIC_ANALYZER_MODE = deep;
				ENABLE_BITCODE = NO;
				GCC_PREPROCESSOR_DEFINITIONS = "$(inherited)";
				GCC_WARN_ABOUT_MISSING_NEWLINE = YES;
				HEADER_SEARCH_PATHS = "";
				OTHER_LDFLAGS = "-ObjC";
				PRODUCT_NAME = "$(TARGET_NAME)";
				PUBLIC_HEADERS_FOLDER_PATH = /usr/local/include/cxxreact;
				RUN_CLANG_STATIC_ANALYZER = NO;
			};
			name = Release;
		};
		83CBBA201A601CBA00E9B192 /* Debug */ = {
			isa = XCBuildConfiguration;
			buildSettings = {
				CLANG_CXX_LANGUAGE_STANDARD = "gnu++0x";
				CLANG_CXX_LIBRARY = "libc++";
				CLANG_ENABLE_MODULES = YES;
				CLANG_ENABLE_OBJC_ARC = YES;
				CLANG_WARN_BLOCK_CAPTURE_AUTORELEASING = YES;
				CLANG_WARN_BOOL_CONVERSION = YES;
				CLANG_WARN_COMMA = YES;
				CLANG_WARN_CONSTANT_CONVERSION = YES;
				CLANG_WARN_DEPRECATED_OBJC_IMPLEMENTATIONS = YES;
				CLANG_WARN_DIRECT_OBJC_ISA_USAGE = YES_ERROR;
				CLANG_WARN_EMPTY_BODY = YES;
				CLANG_WARN_ENUM_CONVERSION = YES;
				CLANG_WARN_INFINITE_RECURSION = YES;
				CLANG_WARN_INT_CONVERSION = YES;
				CLANG_WARN_NON_LITERAL_NULL_CONVERSION = YES;
				CLANG_WARN_OBJC_IMPLICIT_RETAIN_SELF = YES;
				CLANG_WARN_OBJC_LITERAL_CONVERSION = YES;
				CLANG_WARN_OBJC_ROOT_CLASS = YES_ERROR;
				CLANG_WARN_RANGE_LOOP_ANALYSIS = YES;
				CLANG_WARN_STRICT_PROTOTYPES = YES;
				CLANG_WARN_SUSPICIOUS_MOVE = YES;
				CLANG_WARN_UNREACHABLE_CODE = YES;
				CLANG_WARN__DUPLICATE_METHOD_MATCH = YES;
				"CODE_SIGN_IDENTITY[sdk=iphoneos*]" = "iPhone Developer";
				COPY_PHASE_STRIP = NO;
				ENABLE_STRICT_OBJC_MSGSEND = YES;
				ENABLE_TESTABILITY = YES;
				GCC_C_LANGUAGE_STANDARD = gnu99;
				GCC_DYNAMIC_NO_PIC = NO;
				GCC_NO_COMMON_BLOCKS = YES;
				GCC_OPTIMIZATION_LEVEL = 0;
				GCC_PREPROCESSOR_DEFINITIONS = (
					"DEBUG=1",
					"RCT_DEBUG=1",
					"RCT_DEV=1",
					"RCT_NSASSERT=1",
				);
				GCC_SYMBOLS_PRIVATE_EXTERN = NO;
				GCC_WARN_64_TO_32_BIT_CONVERSION = YES;
				GCC_WARN_ABOUT_MISSING_PROTOTYPES = YES;
				GCC_WARN_ABOUT_RETURN_TYPE = YES_ERROR;
				GCC_WARN_INITIALIZER_NOT_FULLY_BRACKETED = YES;
				GCC_WARN_SHADOW = YES;
				GCC_WARN_UNDECLARED_SELECTOR = YES;
				GCC_WARN_UNINITIALIZED_AUTOS = YES_AGGRESSIVE;
				GCC_WARN_UNUSED_FUNCTION = YES;
				GCC_WARN_UNUSED_VARIABLE = YES;
				IPHONEOS_DEPLOYMENT_TARGET = 9.0;
				MTL_ENABLE_DEBUG_INFO = YES;
				ONLY_ACTIVE_ARCH = YES;
				SDKROOT = iphoneos;
				SKIP_INSTALL = YES;
				TVOS_DEPLOYMENT_TARGET = 9.2;
				WARNING_CFLAGS = (
					"-Wextra",
					"-Wall",
					"-Wno-semicolon-before-method-body",
				);
			};
			name = Debug;
		};
		83CBBA211A601CBA00E9B192 /* Release */ = {
			isa = XCBuildConfiguration;
			buildSettings = {
				CLANG_CXX_LANGUAGE_STANDARD = "gnu++0x";
				CLANG_CXX_LIBRARY = "libc++";
				CLANG_ENABLE_MODULES = YES;
				CLANG_ENABLE_OBJC_ARC = YES;
				CLANG_WARN_BLOCK_CAPTURE_AUTORELEASING = YES;
				CLANG_WARN_BOOL_CONVERSION = YES;
				CLANG_WARN_COMMA = YES;
				CLANG_WARN_CONSTANT_CONVERSION = YES;
				CLANG_WARN_DEPRECATED_OBJC_IMPLEMENTATIONS = YES;
				CLANG_WARN_DIRECT_OBJC_ISA_USAGE = YES_ERROR;
				CLANG_WARN_EMPTY_BODY = YES;
				CLANG_WARN_ENUM_CONVERSION = YES;
				CLANG_WARN_INFINITE_RECURSION = YES;
				CLANG_WARN_INT_CONVERSION = YES;
				CLANG_WARN_NON_LITERAL_NULL_CONVERSION = YES;
				CLANG_WARN_OBJC_IMPLICIT_RETAIN_SELF = YES;
				CLANG_WARN_OBJC_LITERAL_CONVERSION = YES;
				CLANG_WARN_OBJC_ROOT_CLASS = YES_ERROR;
				CLANG_WARN_RANGE_LOOP_ANALYSIS = YES;
				CLANG_WARN_STRICT_PROTOTYPES = YES;
				CLANG_WARN_SUSPICIOUS_MOVE = YES;
				CLANG_WARN_UNREACHABLE_CODE = YES;
				CLANG_WARN__DUPLICATE_METHOD_MATCH = YES;
				"CODE_SIGN_IDENTITY[sdk=iphoneos*]" = "iPhone Developer";
				COPY_PHASE_STRIP = YES;
				ENABLE_NS_ASSERTIONS = NO;
				ENABLE_STRICT_OBJC_MSGSEND = YES;
				GCC_C_LANGUAGE_STANDARD = gnu99;
				GCC_NO_COMMON_BLOCKS = YES;
				GCC_PREPROCESSOR_DEFINITIONS = "";
				GCC_WARN_64_TO_32_BIT_CONVERSION = YES;
				GCC_WARN_ABOUT_MISSING_PROTOTYPES = YES;
				GCC_WARN_ABOUT_RETURN_TYPE = YES_ERROR;
				GCC_WARN_INITIALIZER_NOT_FULLY_BRACKETED = YES;
				GCC_WARN_SHADOW = YES;
				GCC_WARN_UNDECLARED_SELECTOR = YES;
				GCC_WARN_UNINITIALIZED_AUTOS = YES_AGGRESSIVE;
				GCC_WARN_UNUSED_FUNCTION = YES;
				GCC_WARN_UNUSED_VARIABLE = YES;
				IPHONEOS_DEPLOYMENT_TARGET = 9.0;
				MTL_ENABLE_DEBUG_INFO = NO;
				SDKROOT = iphoneos;
				SKIP_INSTALL = YES;
				TVOS_DEPLOYMENT_TARGET = 9.2;
				VALIDATE_PRODUCT = YES;
				WARNING_CFLAGS = (
					"-Wextra",
					"-Wall",
					"-Wno-semicolon-before-method-body",
				);
			};
			name = Release;
		};
		83CBBA401A601D0F00E9B192 /* Debug */ = {
			isa = XCBuildConfiguration;
			buildSettings = {
				CLANG_CXX_LANGUAGE_STANDARD = "c++14";
				CLANG_STATIC_ANALYZER_MODE = deep;
				ENABLE_BITCODE = NO;
				GCC_PREPROCESSOR_DEFINITIONS = (
					"DEBUG=1",
					"RCT_DEBUG=1",
					"RCT_DEV=1",
					"RCT_NSASSERT=1",
					"RCT_METRO_PORT=${RCT_METRO_PORT}",
				);
				GCC_WARN_ABOUT_MISSING_NEWLINE = YES;
				HEADER_SEARCH_PATHS = "\"$(SRCROOT)/../ReactCommon/json11\"";
				ONLY_ACTIVE_ARCH = NO;
				OTHER_LDFLAGS = (
					"-ObjC",
					"-weak_framework",
					WebKit,
				);
				PRODUCT_NAME = "$(TARGET_NAME)";
				PUBLIC_HEADERS_FOLDER_PATH = /usr/local/include/React;
				RUN_CLANG_STATIC_ANALYZER = YES;
			};
			name = Debug;
		};
		83CBBA411A601D0F00E9B192 /* Release */ = {
			isa = XCBuildConfiguration;
			buildSettings = {
				CLANG_CXX_LANGUAGE_STANDARD = "c++14";
				CLANG_STATIC_ANALYZER_MODE = deep;
				ENABLE_BITCODE = NO;
				GCC_PREPROCESSOR_DEFINITIONS = (
					"$(inherited)",
					"RCT_METRO_PORT=${RCT_METRO_PORT}",
				);
				GCC_WARN_ABOUT_MISSING_NEWLINE = YES;
				HEADER_SEARCH_PATHS = "\"$(SRCROOT)/../ReactCommon/json11\"";
				OTHER_LDFLAGS = (
					"-ObjC",
					"-weak_framework",
					WebKit,
				);
				PRODUCT_NAME = "$(TARGET_NAME)";
				PUBLIC_HEADERS_FOLDER_PATH = /usr/local/include/React;
				RUN_CLANG_STATIC_ANALYZER = NO;
			};
			name = Release;
		};
/* End XCBuildConfiguration section */

/* Begin XCConfigurationList section */
		3D3CD9221DE5FBEC00167DC4 /* Build configuration list for PBXNativeTarget "cxxreact" */ = {
			isa = XCConfigurationList;
			buildConfigurations = (
				3D3CD9231DE5FBEC00167DC4 /* Debug */,
				3D3CD9241DE5FBEC00167DC4 /* Release */,
			);
			defaultConfigurationIsVisible = 0;
			defaultConfigurationName = Release;
		};
		83CBB9FA1A601CBA00E9B192 /* Build configuration list for PBXProject "React" */ = {
			isa = XCConfigurationList;
			buildConfigurations = (
				83CBBA201A601CBA00E9B192 /* Debug */,
				83CBBA211A601CBA00E9B192 /* Release */,
			);
			defaultConfigurationIsVisible = 0;
			defaultConfigurationName = Release;
		};
		83CBBA3F1A601D0F00E9B192 /* Build configuration list for PBXNativeTarget "React" */ = {
			isa = XCConfigurationList;
			buildConfigurations = (
				83CBBA401A601D0F00E9B192 /* Debug */,
				83CBBA411A601D0F00E9B192 /* Release */,
			);
			defaultConfigurationIsVisible = 0;
			defaultConfigurationName = Release;
		};
/* End XCConfigurationList section */
	};
	rootObject = 83CBB9F71A601CBA00E9B192 /* Project object */;
}
