// !$*UTF8*$!
{
	archiveVersion = 1;
	classes = {
	};
	objectVersion = 46;
	objects = {

/* Begin PBXBuildFile section */
		130443A11E3FEAA900D93A67 /* RCTFollyConvert.h in Headers */ = {isa = PBXBuildFile; fileRef = 1304439F1E3FEAA900D93A67 /* RCTFollyConvert.h */; settings = {ATTRIBUTES = (Public, ); }; };
		130443A21E3FEAA900D93A67 /* RCTFollyConvert.mm in Sources */ = {isa = PBXBuildFile; fileRef = 130443A01E3FEAA900D93A67 /* RCTFollyConvert.mm */; };
		139D7E911E25C70B00323FB7 /* bignum-dtoa.cc in Sources */ = {isa = PBXBuildFile; fileRef = 139D7E391E25C5A300323FB7 /* bignum-dtoa.cc */; };
		139D7E931E25C70B00323FB7 /* bignum.cc in Sources */ = {isa = PBXBuildFile; fileRef = 139D7E3B1E25C5A300323FB7 /* bignum.cc */; };
		139D7E951E25C70B00323FB7 /* cached-powers.cc in Sources */ = {isa = PBXBuildFile; fileRef = 139D7E3D1E25C5A300323FB7 /* cached-powers.cc */; };
		139D7E971E25C70B00323FB7 /* diy-fp.cc in Sources */ = {isa = PBXBuildFile; fileRef = 139D7E3F1E25C5A300323FB7 /* diy-fp.cc */; };
		139D7E991E25C70B00323FB7 /* double-conversion.cc in Sources */ = {isa = PBXBuildFile; fileRef = 139D7E411E25C5A300323FB7 /* double-conversion.cc */; };
		139D7E9B1E25C70B00323FB7 /* fast-dtoa.cc in Sources */ = {isa = PBXBuildFile; fileRef = 139D7E431E25C5A300323FB7 /* fast-dtoa.cc */; };
		139D7E9D1E25C70B00323FB7 /* fixed-dtoa.cc in Sources */ = {isa = PBXBuildFile; fileRef = 139D7E451E25C5A300323FB7 /* fixed-dtoa.cc */; };
		139D7EA01E25C70B00323FB7 /* strtod.cc in Sources */ = {isa = PBXBuildFile; fileRef = 139D7E481E25C5A300323FB7 /* strtod.cc */; };
		139D7EA51E25C85300323FB7 /* bignum-dtoa.h in Headers */ = {isa = PBXBuildFile; fileRef = 139D7E3A1E25C5A300323FB7 /* bignum-dtoa.h */; };
		139D7EA61E25C85300323FB7 /* bignum.h in Headers */ = {isa = PBXBuildFile; fileRef = 139D7E3C1E25C5A300323FB7 /* bignum.h */; };
		139D7EA71E25C85300323FB7 /* cached-powers.h in Headers */ = {isa = PBXBuildFile; fileRef = 139D7E3E1E25C5A300323FB7 /* cached-powers.h */; };
		139D7EA81E25C85300323FB7 /* diy-fp.h in Headers */ = {isa = PBXBuildFile; fileRef = 139D7E401E25C5A300323FB7 /* diy-fp.h */; };
		139D7EA91E25C85300323FB7 /* double-conversion.h in Headers */ = {isa = PBXBuildFile; fileRef = 139D7E421E25C5A300323FB7 /* double-conversion.h */; };
		139D7EAA1E25C85300323FB7 /* fast-dtoa.h in Headers */ = {isa = PBXBuildFile; fileRef = 139D7E441E25C5A300323FB7 /* fast-dtoa.h */; };
		139D7EAB1E25C85300323FB7 /* fixed-dtoa.h in Headers */ = {isa = PBXBuildFile; fileRef = 139D7E461E25C5A300323FB7 /* fixed-dtoa.h */; };
		139D7EAC1E25C85300323FB7 /* ieee.h in Headers */ = {isa = PBXBuildFile; fileRef = 139D7E471E25C5A300323FB7 /* ieee.h */; };
		139D7EAD1E25C85300323FB7 /* strtod.h in Headers */ = {isa = PBXBuildFile; fileRef = 139D7E491E25C5A300323FB7 /* strtod.h */; };
		139D7EAE1E25C85300323FB7 /* utils.h in Headers */ = {isa = PBXBuildFile; fileRef = 139D7E4A1E25C5A300323FB7 /* utils.h */; };
		139D7F021E25DE1100323FB7 /* logging.cc in Sources */ = {isa = PBXBuildFile; fileRef = 139D7EDA1E25DBDC00323FB7 /* logging.cc */; };
		139D7F031E25DE1100323FB7 /* raw_logging.cc in Sources */ = {isa = PBXBuildFile; fileRef = 139D7EDB1E25DBDC00323FB7 /* raw_logging.cc */; };
		139D7F041E25DE1100323FB7 /* signalhandler.cc in Sources */ = {isa = PBXBuildFile; fileRef = 139D7EDC1E25DBDC00323FB7 /* signalhandler.cc */; };
		139D7F051E25DE1100323FB7 /* symbolize.cc in Sources */ = {isa = PBXBuildFile; fileRef = 139D7EDE1E25DBDC00323FB7 /* symbolize.cc */; };
		139D7F061E25DE1100323FB7 /* utilities.cc in Sources */ = {isa = PBXBuildFile; fileRef = 139D7EE01E25DBDC00323FB7 /* utilities.cc */; };
		139D7F071E25DE1100323FB7 /* vlog_is_on.cc in Sources */ = {isa = PBXBuildFile; fileRef = 139D7EE21E25DBDC00323FB7 /* vlog_is_on.cc */; };
		139D7F091E25DE3700323FB7 /* demangle.cc in Sources */ = {isa = PBXBuildFile; fileRef = 139D7F081E25DE3700323FB7 /* demangle.cc */; };
		139D84AF1E273B5600323FB7 /* Bits.cpp in Sources */ = {isa = PBXBuildFile; fileRef = 139D849D1E273B5600323FB7 /* Bits.cpp */; };
		139D84B01E273B5600323FB7 /* Conv.cpp in Sources */ = {isa = PBXBuildFile; fileRef = 139D849F1E273B5600323FB7 /* Conv.cpp */; };
		139D84B11E273B5600323FB7 /* dynamic.cpp in Sources */ = {isa = PBXBuildFile; fileRef = 139D84A21E273B5600323FB7 /* dynamic.cpp */; };
		139D84B31E273B5600323FB7 /* json.cpp in Sources */ = {isa = PBXBuildFile; fileRef = 139D84A71E273B5600323FB7 /* json.cpp */; };
		13F887581E2971D400C3C7A1 /* Demangle.cpp in Sources */ = {isa = PBXBuildFile; fileRef = 13F887521E2971C500C3C7A1 /* Demangle.cpp */; };
		13F887591E2971D400C3C7A1 /* StringBase.cpp in Sources */ = {isa = PBXBuildFile; fileRef = 13F887531E2971C500C3C7A1 /* StringBase.cpp */; };
		13F8875A1E2971D400C3C7A1 /* Unicode.cpp in Sources */ = {isa = PBXBuildFile; fileRef = 13F887541E2971C500C3C7A1 /* Unicode.cpp */; };
		13F887801E29726200C3C7A1 /* SampleCxxModule.cpp in Sources */ = {isa = PBXBuildFile; fileRef = 3D92B0D31E03699D0018521A /* SampleCxxModule.cpp */; };
		13F8879F1E29741900C3C7A1 /* BitsFunctexcept.cpp in Sources */ = {isa = PBXBuildFile; fileRef = 13F8879C1E29740700C3C7A1 /* BitsFunctexcept.cpp */; };
		13F887A21E2977FF00C3C7A1 /* MallocImpl.cpp in Sources */ = {isa = PBXBuildFile; fileRef = 13F887A01E2977D800C3C7A1 /* MallocImpl.cpp */; };
		14C2CA741B3AC64300E6CBB2 /* RCTModuleData.mm in Sources */ = {isa = PBXBuildFile; fileRef = 14C2CA731B3AC64300E6CBB2 /* RCTModuleData.mm */; };
		19F61BFA1E8495CD00571D81 /* bignum-dtoa.h in CopyFiles */ = {isa = PBXBuildFile; fileRef = 139D7E3A1E25C5A300323FB7 /* bignum-dtoa.h */; };
		19F61BFB1E8495CD00571D81 /* bignum.h in CopyFiles */ = {isa = PBXBuildFile; fileRef = 139D7E3C1E25C5A300323FB7 /* bignum.h */; };
		19F61BFC1E8495CD00571D81 /* cached-powers.h in CopyFiles */ = {isa = PBXBuildFile; fileRef = 139D7E3E1E25C5A300323FB7 /* cached-powers.h */; };
		19F61BFD1E8495CD00571D81 /* diy-fp.h in CopyFiles */ = {isa = PBXBuildFile; fileRef = 139D7E401E25C5A300323FB7 /* diy-fp.h */; };
		19F61BFE1E8495CD00571D81 /* double-conversion.h in CopyFiles */ = {isa = PBXBuildFile; fileRef = 139D7E421E25C5A300323FB7 /* double-conversion.h */; };
		19F61BFF1E8495CD00571D81 /* fast-dtoa.h in CopyFiles */ = {isa = PBXBuildFile; fileRef = 139D7E441E25C5A300323FB7 /* fast-dtoa.h */; };
		19F61C001E8495CD00571D81 /* fixed-dtoa.h in CopyFiles */ = {isa = PBXBuildFile; fileRef = 139D7E461E25C5A300323FB7 /* fixed-dtoa.h */; };
		19F61C011E8495CD00571D81 /* ieee.h in CopyFiles */ = {isa = PBXBuildFile; fileRef = 139D7E471E25C5A300323FB7 /* ieee.h */; };
		19F61C021E8495CD00571D81 /* strtod.h in CopyFiles */ = {isa = PBXBuildFile; fileRef = 139D7E491E25C5A300323FB7 /* strtod.h */; };
		19F61C031E8495CD00571D81 /* utils.h in CopyFiles */ = {isa = PBXBuildFile; fileRef = 139D7E4A1E25C5A300323FB7 /* utils.h */; };
		27595AA41E575C7800CCE2B1 /* CxxModule.h in Headers */ = {isa = PBXBuildFile; fileRef = 3D92B0A71E03699D0018521A /* CxxModule.h */; };
		27595AB61E575C7800CCE2B1 /* MessageQueueThread.h in Headers */ = {isa = PBXBuildFile; fileRef = 3D92B0C91E03699D0018521A /* MessageQueueThread.h */; };
		27595AB91E575C7800CCE2B1 /* NativeModule.h in Headers */ = {isa = PBXBuildFile; fileRef = 3D92B0CE1E03699D0018521A /* NativeModule.h */; settings = {ATTRIBUTES = (Public, ); }; };
		27595ABC1E575C7800CCE2B1 /* SampleCxxModule.h in Headers */ = {isa = PBXBuildFile; fileRef = 3D92B0D41E03699D0018521A /* SampleCxxModule.h */; settings = {ATTRIBUTES = (Public, ); }; };
		3D383D6D1EBD2940005632C8 /* libdouble-conversion.a in Frameworks */ = {isa = PBXBuildFile; fileRef = 139D7E881E25C6D100323FB7 /* libdouble-conversion.a */; };
		3D383D6F1EBD2940005632C8 /* libthird-party.a in Frameworks */ = {isa = PBXBuildFile; fileRef = 139D7ECE1E25DB7D00323FB7 /* libthird-party.a */; };
		3D3CD9411DE5FC5300167DC4 /* libcxxreact.a in Frameworks */ = {isa = PBXBuildFile; fileRef = 3D3CD9251DE5FBEC00167DC4 /* libcxxreact.a */; };
		3D80D9271DF6FA890028D040 /* RCTBridge.h in Copy Headers */ = {isa = PBXBuildFile; fileRef = 83CBBA5E1A601EAA00E9B192 /* RCTBridge.h */; };
		3D80D92A1DF6FA890028D040 /* RCTBridgeMethod.h in Copy Headers */ = {isa = PBXBuildFile; fileRef = 13AFBCA11C07287B00BBAEAA /* RCTBridgeMethod.h */; };
		3D80D92B1DF6FA890028D040 /* RCTBridgeModule.h in Copy Headers */ = {isa = PBXBuildFile; fileRef = 830213F31A654E0800B993E6 /* RCTBridgeModule.h */; };
		3D80D92E1DF6FA890028D040 /* RCTDefines.h in Copy Headers */ = {isa = PBXBuildFile; fileRef = 13AF1F851AE6E777005F5298 /* RCTDefines.h */; };
		3D80D93B1DF6FA890028D040 /* RCTModuleData.h in Copy Headers */ = {isa = PBXBuildFile; fileRef = 14C2CA721B3AC64300E6CBB2 /* RCTModuleData.h */; };
		3D80D93C1DF6FA890028D040 /* RCTModuleMethod.h in Copy Headers */ = {isa = PBXBuildFile; fileRef = 14C2CA6F1B3AC63800E6CBB2 /* RCTModuleMethod.h */; };
		3D80DA211DF820620028D040 /* RCTBridge.h in Headers */ = {isa = PBXBuildFile; fileRef = 83CBBA5E1A601EAA00E9B192 /* RCTBridge.h */; settings = {ATTRIBUTES = (Public, ); }; };
		3D80DA241DF820620028D040 /* RCTBridgeMethod.h in Headers */ = {isa = PBXBuildFile; fileRef = 13AFBCA11C07287B00BBAEAA /* RCTBridgeMethod.h */; settings = {ATTRIBUTES = (Public, ); }; };
		3D80DA251DF820620028D040 /* RCTBridgeModule.h in Headers */ = {isa = PBXBuildFile; fileRef = 830213F31A654E0800B993E6 /* RCTBridgeModule.h */; settings = {ATTRIBUTES = (Public, ); }; };
		3D80DA281DF820620028D040 /* RCTDefines.h in Headers */ = {isa = PBXBuildFile; fileRef = 13AF1F851AE6E777005F5298 /* RCTDefines.h */; settings = {ATTRIBUTES = (Public, ); }; };
		3D80DA351DF820620028D040 /* RCTModuleData.h in Headers */ = {isa = PBXBuildFile; fileRef = 14C2CA721B3AC64300E6CBB2 /* RCTModuleData.h */; settings = {ATTRIBUTES = (Public, ); }; };
		3D80DA361DF820620028D040 /* RCTModuleMethod.h in Headers */ = {isa = PBXBuildFile; fileRef = 14C2CA6F1B3AC63800E6CBB2 /* RCTModuleMethod.h */; settings = {ATTRIBUTES = (Public, ); }; };
		3DA981A01E5B0E34004F2374 /* CxxModule.h in Copy Headers */ = {isa = PBXBuildFile; fileRef = 3D92B0A71E03699D0018521A /* CxxModule.h */; };
		3DA981B51E5B0E34004F2374 /* MessageQueueThread.h in Copy Headers */ = {isa = PBXBuildFile; fileRef = 3D92B0C91E03699D0018521A /* MessageQueueThread.h */; };
		3DA981B81E5B0E34004F2374 /* NativeModule.h in Copy Headers */ = {isa = PBXBuildFile; fileRef = 3D92B0CE1E03699D0018521A /* NativeModule.h */; };
		3DA981BD1E5B0E34004F2374 /* SampleCxxModule.h in Copy Headers */ = {isa = PBXBuildFile; fileRef = 3D92B0D41E03699D0018521A /* SampleCxxModule.h */; };
		59EDBCAB1FDF4E0C003573DE /* (null) in Sources */ = {isa = PBXBuildFile; };
		59EDBCB31FDF4E0C003573DE /* (null) in Sources */ = {isa = PBXBuildFile; };
		59EDBCBE1FDF4E43003573DE /* (null) in Copy Headers */ = {isa = PBXBuildFile; };
		59EDBCC01FDF4E43003573DE /* (null) in Copy Headers */ = {isa = PBXBuildFile; };
		83CBBA601A601EAA00E9B192 /* RCTBridge.m in Sources */ = {isa = PBXBuildFile; fileRef = 83CBBA5F1A601EAA00E9B192 /* RCTBridge.m */; };
		8A071D842174783200DD499C /* RCTAssert.h in Headers */ = {isa = PBXBuildFile; fileRef = 8A071D822174783100DD499C /* RCTAssert.h */; settings = {ATTRIBUTES = (Public, ); }; };
		8A071D852174783200DD499C /* RCTAssert.m in Sources */ = {isa = PBXBuildFile; fileRef = 8A071D832174783100DD499C /* RCTAssert.m */; };
		8A071D8A2174788000DD499C /* RCTUtils.m in Sources */ = {isa = PBXBuildFile; fileRef = 8A071D862174788000DD499C /* RCTUtils.m */; };
		8A071D8B2174788000DD499C /* RCTUtils.h in Headers */ = {isa = PBXBuildFile; fileRef = 8A071D872174788000DD499C /* RCTUtils.h */; settings = {ATTRIBUTES = (Public, ); }; };
		8A071D8C2174788000DD499C /* RCTLog.mm in Sources */ = {isa = PBXBuildFile; fileRef = 8A071D882174788000DD499C /* RCTLog.mm */; };
		8A071D8D2174788000DD499C /* RCTLog.h in Headers */ = {isa = PBXBuildFile; fileRef = 8A071D892174788000DD499C /* RCTLog.h */; settings = {ATTRIBUTES = (Public, ); }; };
		8ABB415F21788FD100E036A9 /* RCTCxxBridge.h in Headers */ = {isa = PBXBuildFile; fileRef = 8ABB415D21788FD100E036A9 /* RCTCxxBridge.h */; };
		8ABB416021788FD100E036A9 /* RCTCxxBridge.mm in Sources */ = {isa = PBXBuildFile; fileRef = 8ABB415E21788FD100E036A9 /* RCTCxxBridge.mm */; };
		C606692E1F3CC60500E67165 /* RCTModuleMethod.mm in Sources */ = {isa = PBXBuildFile; fileRef = C606692D1F3CC60500E67165 /* RCTModuleMethod.mm */; };
/* End PBXBuildFile section */

/* Begin PBXContainerItemProxy section */
		1320081C1E283DCB00F0C457 /* PBXContainerItemProxy */ = {
			isa = PBXContainerItemProxy;
			containerPortal = 83CBB9F71A601CBA00E9B192 /* Project object */;
			proxyType = 1;
			remoteGlobalIDString = 139D7E871E25C6D100323FB7;
			remoteInfo = "double-conversion";
		};
		3D3CD94B1DE5FCE700167DC4 /* PBXContainerItemProxy */ = {
			isa = PBXContainerItemProxy;
			containerPortal = 83CBB9F71A601CBA00E9B192 /* Project object */;
			proxyType = 1;
			remoteGlobalIDString = 3D3CD9191DE5FBEC00167DC4;
			remoteInfo = cxxreact;
		};
/* End PBXContainerItemProxy section */

/* Begin PBXCopyFilesBuildPhase section */
		139D7E861E25C6D100323FB7 /* CopyFiles */ = {
			isa = PBXCopyFilesBuildPhase;
			buildActionMask = 2147483647;
			dstPath = "include/$(PRODUCT_NAME)";
			dstSubfolderSpec = 16;
			files = (
				19F61BFA1E8495CD00571D81 /* bignum-dtoa.h in CopyFiles */,
				19F61BFB1E8495CD00571D81 /* bignum.h in CopyFiles */,
				19F61BFC1E8495CD00571D81 /* cached-powers.h in CopyFiles */,
				19F61BFD1E8495CD00571D81 /* diy-fp.h in CopyFiles */,
				19F61BFE1E8495CD00571D81 /* double-conversion.h in CopyFiles */,
				19F61BFF1E8495CD00571D81 /* fast-dtoa.h in CopyFiles */,
				19F61C001E8495CD00571D81 /* fixed-dtoa.h in CopyFiles */,
				19F61C011E8495CD00571D81 /* ieee.h in CopyFiles */,
				19F61C021E8495CD00571D81 /* strtod.h in CopyFiles */,
				19F61C031E8495CD00571D81 /* utils.h in CopyFiles */,
			);
			runOnlyForDeploymentPostprocessing = 0;
		};
		3D80D91E1DF6FA530028D040 /* Copy Headers */ = {
			isa = PBXCopyFilesBuildPhase;
			buildActionMask = 2147483647;
			dstPath = include/React;
			dstSubfolderSpec = 16;
			files = (
				59EDBCBE1FDF4E43003573DE /* (null) in Copy Headers */,
				59EDBCC01FDF4E43003573DE /* (null) in Copy Headers */,
				3D80D9271DF6FA890028D040 /* RCTBridge.h in Copy Headers */,
				3D80D92A1DF6FA890028D040 /* RCTBridgeMethod.h in Copy Headers */,
				3D80D92B1DF6FA890028D040 /* RCTBridgeModule.h in Copy Headers */,
				3D80D92E1DF6FA890028D040 /* RCTDefines.h in Copy Headers */,
				3D80D93B1DF6FA890028D040 /* RCTModuleData.h in Copy Headers */,
				3D80D93C1DF6FA890028D040 /* RCTModuleMethod.h in Copy Headers */,
			);
			name = "Copy Headers";
			runOnlyForDeploymentPostprocessing = 0;
		};
		3D80DAB91DF821710028D040 /* Copy Headers */ = {
			isa = PBXCopyFilesBuildPhase;
			buildActionMask = 2147483647;
			dstPath = include/cxxreact;
			dstSubfolderSpec = 16;
			files = (
				3DA981A01E5B0E34004F2374 /* CxxModule.h in Copy Headers */,
				3DA981B51E5B0E34004F2374 /* MessageQueueThread.h in Copy Headers */,
				3DA981B81E5B0E34004F2374 /* NativeModule.h in Copy Headers */,
				3DA981BD1E5B0E34004F2374 /* SampleCxxModule.h in Copy Headers */,
			);
			name = "Copy Headers";
			runOnlyForDeploymentPostprocessing = 0;
		};
/* End PBXCopyFilesBuildPhase section */

/* Begin PBXFileReference section */
		1304439F1E3FEAA900D93A67 /* RCTFollyConvert.h */ = {isa = PBXFileReference; fileEncoding = 4; lastKnownFileType = sourcecode.c.h; name = RCTFollyConvert.h; path = CxxUtils/RCTFollyConvert.h; sourceTree = "<group>"; };
		130443A01E3FEAA900D93A67 /* RCTFollyConvert.mm */ = {isa = PBXFileReference; fileEncoding = 4; lastKnownFileType = sourcecode.cpp.objcpp; name = RCTFollyConvert.mm; path = CxxUtils/RCTFollyConvert.mm; sourceTree = "<group>"; };
		139D7E391E25C5A300323FB7 /* bignum-dtoa.cc */ = {isa = PBXFileReference; fileEncoding = 4; lastKnownFileType = sourcecode.cpp.cpp; name = "bignum-dtoa.cc"; path = "src/bignum-dtoa.cc"; sourceTree = "<group>"; };
		139D7E3A1E25C5A300323FB7 /* bignum-dtoa.h */ = {isa = PBXFileReference; fileEncoding = 4; lastKnownFileType = sourcecode.c.h; name = "bignum-dtoa.h"; path = "src/bignum-dtoa.h"; sourceTree = "<group>"; };
		139D7E3B1E25C5A300323FB7 /* bignum.cc */ = {isa = PBXFileReference; fileEncoding = 4; lastKnownFileType = sourcecode.cpp.cpp; name = bignum.cc; path = src/bignum.cc; sourceTree = "<group>"; };
		139D7E3C1E25C5A300323FB7 /* bignum.h */ = {isa = PBXFileReference; fileEncoding = 4; lastKnownFileType = sourcecode.c.h; name = bignum.h; path = src/bignum.h; sourceTree = "<group>"; };
		139D7E3D1E25C5A300323FB7 /* cached-powers.cc */ = {isa = PBXFileReference; fileEncoding = 4; lastKnownFileType = sourcecode.cpp.cpp; name = "cached-powers.cc"; path = "src/cached-powers.cc"; sourceTree = "<group>"; };
		139D7E3E1E25C5A300323FB7 /* cached-powers.h */ = {isa = PBXFileReference; fileEncoding = 4; lastKnownFileType = sourcecode.c.h; name = "cached-powers.h"; path = "src/cached-powers.h"; sourceTree = "<group>"; };
		139D7E3F1E25C5A300323FB7 /* diy-fp.cc */ = {isa = PBXFileReference; fileEncoding = 4; lastKnownFileType = sourcecode.cpp.cpp; name = "diy-fp.cc"; path = "src/diy-fp.cc"; sourceTree = "<group>"; };
		139D7E401E25C5A300323FB7 /* diy-fp.h */ = {isa = PBXFileReference; fileEncoding = 4; lastKnownFileType = sourcecode.c.h; name = "diy-fp.h"; path = "src/diy-fp.h"; sourceTree = "<group>"; };
		139D7E411E25C5A300323FB7 /* double-conversion.cc */ = {isa = PBXFileReference; fileEncoding = 4; lastKnownFileType = sourcecode.cpp.cpp; name = "double-conversion.cc"; path = "src/double-conversion.cc"; sourceTree = "<group>"; };
		139D7E421E25C5A300323FB7 /* double-conversion.h */ = {isa = PBXFileReference; fileEncoding = 4; lastKnownFileType = sourcecode.c.h; name = "double-conversion.h"; path = "src/double-conversion.h"; sourceTree = "<group>"; };
		139D7E431E25C5A300323FB7 /* fast-dtoa.cc */ = {isa = PBXFileReference; fileEncoding = 4; lastKnownFileType = sourcecode.cpp.cpp; name = "fast-dtoa.cc"; path = "src/fast-dtoa.cc"; sourceTree = "<group>"; };
		139D7E441E25C5A300323FB7 /* fast-dtoa.h */ = {isa = PBXFileReference; fileEncoding = 4; lastKnownFileType = sourcecode.c.h; name = "fast-dtoa.h"; path = "src/fast-dtoa.h"; sourceTree = "<group>"; };
		139D7E451E25C5A300323FB7 /* fixed-dtoa.cc */ = {isa = PBXFileReference; fileEncoding = 4; lastKnownFileType = sourcecode.cpp.cpp; name = "fixed-dtoa.cc"; path = "src/fixed-dtoa.cc"; sourceTree = "<group>"; };
		139D7E461E25C5A300323FB7 /* fixed-dtoa.h */ = {isa = PBXFileReference; fileEncoding = 4; lastKnownFileType = sourcecode.c.h; name = "fixed-dtoa.h"; path = "src/fixed-dtoa.h"; sourceTree = "<group>"; };
		139D7E471E25C5A300323FB7 /* ieee.h */ = {isa = PBXFileReference; fileEncoding = 4; lastKnownFileType = sourcecode.c.h; name = ieee.h; path = src/ieee.h; sourceTree = "<group>"; };
		139D7E481E25C5A300323FB7 /* strtod.cc */ = {isa = PBXFileReference; fileEncoding = 4; lastKnownFileType = sourcecode.cpp.cpp; name = strtod.cc; path = src/strtod.cc; sourceTree = "<group>"; };
		139D7E491E25C5A300323FB7 /* strtod.h */ = {isa = PBXFileReference; fileEncoding = 4; lastKnownFileType = sourcecode.c.h; name = strtod.h; path = src/strtod.h; sourceTree = "<group>"; };
		139D7E4A1E25C5A300323FB7 /* utils.h */ = {isa = PBXFileReference; fileEncoding = 4; lastKnownFileType = sourcecode.c.h; name = utils.h; path = src/utils.h; sourceTree = "<group>"; };
		139D7E881E25C6D100323FB7 /* libdouble-conversion.a */ = {isa = PBXFileReference; explicitFileType = archive.ar; includeInIndex = 0; path = "libdouble-conversion.a"; sourceTree = BUILT_PRODUCTS_DIR; };
		139D7ECE1E25DB7D00323FB7 /* libthird-party.a */ = {isa = PBXFileReference; explicitFileType = archive.ar; includeInIndex = 0; path = "libthird-party.a"; sourceTree = BUILT_PRODUCTS_DIR; };
		139D7ED81E25DBDC00323FB7 /* config.h */ = {isa = PBXFileReference; fileEncoding = 4; lastKnownFileType = sourcecode.c.h; name = config.h; path = "../third-party/glog-0.3.5/src/config.h"; sourceTree = "<group>"; };
		139D7ED91E25DBDC00323FB7 /* demangle.h */ = {isa = PBXFileReference; fileEncoding = 4; lastKnownFileType = sourcecode.c.h; name = demangle.h; path = "../third-party/glog-0.3.5/src/demangle.h"; sourceTree = "<group>"; };
		139D7EDA1E25DBDC00323FB7 /* logging.cc */ = {isa = PBXFileReference; fileEncoding = 4; lastKnownFileType = sourcecode.cpp.cpp; name = logging.cc; path = "../third-party/glog-0.3.5/src/logging.cc"; sourceTree = "<group>"; };
		139D7EDB1E25DBDC00323FB7 /* raw_logging.cc */ = {isa = PBXFileReference; fileEncoding = 4; lastKnownFileType = sourcecode.cpp.cpp; name = raw_logging.cc; path = "../third-party/glog-0.3.5/src/raw_logging.cc"; sourceTree = "<group>"; };
		139D7EDC1E25DBDC00323FB7 /* signalhandler.cc */ = {isa = PBXFileReference; fileEncoding = 4; lastKnownFileType = sourcecode.cpp.cpp; name = signalhandler.cc; path = "../third-party/glog-0.3.5/src/signalhandler.cc"; sourceTree = "<group>"; };
		139D7EDD1E25DBDC00323FB7 /* stacktrace.h */ = {isa = PBXFileReference; fileEncoding = 4; lastKnownFileType = sourcecode.c.h; name = stacktrace.h; path = "../third-party/glog-0.3.5/src/stacktrace.h"; sourceTree = "<group>"; };
		139D7EDE1E25DBDC00323FB7 /* symbolize.cc */ = {isa = PBXFileReference; fileEncoding = 4; lastKnownFileType = sourcecode.cpp.cpp; name = symbolize.cc; path = "../third-party/glog-0.3.5/src/symbolize.cc"; sourceTree = "<group>"; };
		139D7EDF1E25DBDC00323FB7 /* symbolize.h */ = {isa = PBXFileReference; fileEncoding = 4; lastKnownFileType = sourcecode.c.h; name = symbolize.h; path = "../third-party/glog-0.3.5/src/symbolize.h"; sourceTree = "<group>"; };
		139D7EE01E25DBDC00323FB7 /* utilities.cc */ = {isa = PBXFileReference; fileEncoding = 4; lastKnownFileType = sourcecode.cpp.cpp; name = utilities.cc; path = "../third-party/glog-0.3.5/src/utilities.cc"; sourceTree = "<group>"; };
		139D7EE11E25DBDC00323FB7 /* utilities.h */ = {isa = PBXFileReference; fileEncoding = 4; lastKnownFileType = sourcecode.c.h; name = utilities.h; path = "../third-party/glog-0.3.5/src/utilities.h"; sourceTree = "<group>"; };
		139D7EE21E25DBDC00323FB7 /* vlog_is_on.cc */ = {isa = PBXFileReference; fileEncoding = 4; lastKnownFileType = sourcecode.cpp.cpp; name = vlog_is_on.cc; path = "../third-party/glog-0.3.5/src/vlog_is_on.cc"; sourceTree = "<group>"; };
		139D7F081E25DE3700323FB7 /* demangle.cc */ = {isa = PBXFileReference; fileEncoding = 4; lastKnownFileType = sourcecode.cpp.cpp; name = demangle.cc; path = "../third-party/glog-0.3.5/src/demangle.cc"; sourceTree = "<group>"; };
		139D7F111E25DEC900323FB7 /* log_severity.h */ = {isa = PBXFileReference; fileEncoding = 4; lastKnownFileType = sourcecode.c.h; path = log_severity.h; sourceTree = "<group>"; };
		139D7F121E25DEC900323FB7 /* logging.h */ = {isa = PBXFileReference; fileEncoding = 4; lastKnownFileType = sourcecode.c.h; path = logging.h; sourceTree = "<group>"; };
		139D7F141E25DEC900323FB7 /* raw_logging.h */ = {isa = PBXFileReference; fileEncoding = 4; lastKnownFileType = sourcecode.c.h; path = raw_logging.h; sourceTree = "<group>"; };
		139D7F161E25DEC900323FB7 /* stl_logging.h */ = {isa = PBXFileReference; fileEncoding = 4; lastKnownFileType = sourcecode.c.h; path = stl_logging.h; sourceTree = "<group>"; };
		139D7F181E25DEC900323FB7 /* vlog_is_on.h */ = {isa = PBXFileReference; fileEncoding = 4; lastKnownFileType = sourcecode.c.h; path = vlog_is_on.h; sourceTree = "<group>"; };
		139D849C1E273B5600323FB7 /* AtomicIntrusiveLinkedList.h */ = {isa = PBXFileReference; fileEncoding = 4; lastKnownFileType = sourcecode.c.h; name = AtomicIntrusiveLinkedList.h; path = folly/AtomicIntrusiveLinkedList.h; sourceTree = "<group>"; };
		139D849D1E273B5600323FB7 /* Bits.cpp */ = {isa = PBXFileReference; fileEncoding = 4; lastKnownFileType = sourcecode.cpp.cpp; name = Bits.cpp; path = folly/Bits.cpp; sourceTree = "<group>"; };
		139D849E1E273B5600323FB7 /* Bits.h */ = {isa = PBXFileReference; fileEncoding = 4; lastKnownFileType = sourcecode.c.h; name = Bits.h; path = folly/Bits.h; sourceTree = "<group>"; };
		139D849F1E273B5600323FB7 /* Conv.cpp */ = {isa = PBXFileReference; fileEncoding = 4; lastKnownFileType = sourcecode.cpp.cpp; name = Conv.cpp; path = folly/Conv.cpp; sourceTree = "<group>"; };
		139D84A01E273B5600323FB7 /* Conv.h */ = {isa = PBXFileReference; fileEncoding = 4; lastKnownFileType = sourcecode.c.h; name = Conv.h; path = folly/Conv.h; sourceTree = "<group>"; };
		139D84A11E273B5600323FB7 /* dynamic-inl.h */ = {isa = PBXFileReference; fileEncoding = 4; lastKnownFileType = sourcecode.c.h; name = "dynamic-inl.h"; path = "folly/dynamic-inl.h"; sourceTree = "<group>"; };
		139D84A21E273B5600323FB7 /* dynamic.cpp */ = {isa = PBXFileReference; fileEncoding = 4; lastKnownFileType = sourcecode.cpp.cpp; name = dynamic.cpp; path = folly/dynamic.cpp; sourceTree = "<group>"; };
		139D84A31E273B5600323FB7 /* dynamic.h */ = {isa = PBXFileReference; fileEncoding = 4; lastKnownFileType = sourcecode.c.h; name = dynamic.h; path = folly/dynamic.h; sourceTree = "<group>"; };
		139D84A41E273B5600323FB7 /* Exception.h */ = {isa = PBXFileReference; fileEncoding = 4; lastKnownFileType = sourcecode.c.h; name = Exception.h; path = folly/Exception.h; sourceTree = "<group>"; };
		139D84A71E273B5600323FB7 /* json.cpp */ = {isa = PBXFileReference; fileEncoding = 4; lastKnownFileType = sourcecode.cpp.cpp; name = json.cpp; path = folly/json.cpp; sourceTree = "<group>"; };
		139D84A81E273B5600323FB7 /* json.h */ = {isa = PBXFileReference; fileEncoding = 4; lastKnownFileType = sourcecode.c.h; name = json.h; path = folly/json.h; sourceTree = "<group>"; };
		139D84A91E273B5600323FB7 /* Memory.h */ = {isa = PBXFileReference; fileEncoding = 4; lastKnownFileType = sourcecode.c.h; name = Memory.h; path = folly/Memory.h; sourceTree = "<group>"; };
		139D84AA1E273B5600323FB7 /* MoveWrapper.h */ = {isa = PBXFileReference; fileEncoding = 4; lastKnownFileType = sourcecode.c.h; name = MoveWrapper.h; path = folly/MoveWrapper.h; sourceTree = "<group>"; };
		139D84AB1E273B5600323FB7 /* Optional.h */ = {isa = PBXFileReference; fileEncoding = 4; lastKnownFileType = sourcecode.c.h; name = Optional.h; path = folly/Optional.h; sourceTree = "<group>"; };
		139D84AC1E273B5600323FB7 /* ScopeGuard.h */ = {isa = PBXFileReference; fileEncoding = 4; lastKnownFileType = sourcecode.c.h; name = ScopeGuard.h; path = folly/ScopeGuard.h; sourceTree = "<group>"; };
		13AF1F851AE6E777005F5298 /* RCTDefines.h */ = {isa = PBXFileReference; fileEncoding = 4; lastKnownFileType = sourcecode.c.h; path = RCTDefines.h; sourceTree = "<group>"; };
		13AFBCA11C07287B00BBAEAA /* RCTBridgeMethod.h */ = {isa = PBXFileReference; fileEncoding = 4; lastKnownFileType = sourcecode.c.h; path = RCTBridgeMethod.h; sourceTree = "<group>"; };
		13F887521E2971C500C3C7A1 /* Demangle.cpp */ = {isa = PBXFileReference; fileEncoding = 4; lastKnownFileType = sourcecode.cpp.cpp; name = Demangle.cpp; path = folly/Demangle.cpp; sourceTree = "<group>"; };
		13F887531E2971C500C3C7A1 /* StringBase.cpp */ = {isa = PBXFileReference; fileEncoding = 4; lastKnownFileType = sourcecode.cpp.cpp; name = StringBase.cpp; path = folly/StringBase.cpp; sourceTree = "<group>"; };
		13F887541E2971C500C3C7A1 /* Unicode.cpp */ = {isa = PBXFileReference; fileEncoding = 4; lastKnownFileType = sourcecode.cpp.cpp; name = Unicode.cpp; path = folly/Unicode.cpp; sourceTree = "<group>"; };
		13F8879C1E29740700C3C7A1 /* BitsFunctexcept.cpp */ = {isa = PBXFileReference; fileEncoding = 4; lastKnownFileType = sourcecode.cpp.cpp; name = BitsFunctexcept.cpp; path = folly/portability/BitsFunctexcept.cpp; sourceTree = "<group>"; };
		13F887A01E2977D800C3C7A1 /* MallocImpl.cpp */ = {isa = PBXFileReference; fileEncoding = 4; lastKnownFileType = sourcecode.cpp.cpp; name = MallocImpl.cpp; path = folly/detail/MallocImpl.cpp; sourceTree = "<group>"; };
		14C2CA6F1B3AC63800E6CBB2 /* RCTModuleMethod.h */ = {isa = PBXFileReference; fileEncoding = 4; lastKnownFileType = sourcecode.c.h; path = RCTModuleMethod.h; sourceTree = "<group>"; };
		14C2CA721B3AC64300E6CBB2 /* RCTModuleData.h */ = {isa = PBXFileReference; fileEncoding = 4; lastKnownFileType = sourcecode.c.h; path = RCTModuleData.h; sourceTree = "<group>"; };
		14C2CA731B3AC64300E6CBB2 /* RCTModuleData.mm */ = {isa = PBXFileReference; fileEncoding = 4; lastKnownFileType = sourcecode.cpp.objcpp; path = RCTModuleData.mm; sourceTree = "<group>"; };
		3D3CD9251DE5FBEC00167DC4 /* libcxxreact.a */ = {isa = PBXFileReference; explicitFileType = archive.ar; includeInIndex = 0; path = libcxxreact.a; sourceTree = BUILT_PRODUCTS_DIR; };
		3D788F841EBD2D240063D616 /* third-party.xcconfig */ = {isa = PBXFileReference; fileEncoding = 4; lastKnownFileType = text.xcconfig; path = "third-party.xcconfig"; sourceTree = "<group>"; };
		3D92B0A71E03699D0018521A /* CxxModule.h */ = {isa = PBXFileReference; fileEncoding = 4; lastKnownFileType = sourcecode.c.h; path = CxxModule.h; sourceTree = "<group>"; };
		3D92B0C91E03699D0018521A /* MessageQueueThread.h */ = {isa = PBXFileReference; fileEncoding = 4; lastKnownFileType = sourcecode.c.h; path = MessageQueueThread.h; sourceTree = "<group>"; };
		3D92B0CE1E03699D0018521A /* NativeModule.h */ = {isa = PBXFileReference; fileEncoding = 4; lastKnownFileType = sourcecode.c.h; path = NativeModule.h; sourceTree = "<group>"; };
		3D92B0D31E03699D0018521A /* SampleCxxModule.cpp */ = {isa = PBXFileReference; fileEncoding = 4; lastKnownFileType = sourcecode.cpp.cpp; path = SampleCxxModule.cpp; sourceTree = "<group>"; };
		3D92B0D41E03699D0018521A /* SampleCxxModule.h */ = {isa = PBXFileReference; fileEncoding = 4; lastKnownFileType = sourcecode.c.h; path = SampleCxxModule.h; sourceTree = "<group>"; };
		53D123831FBF1D49001B8A10 /* libyoga.a */ = {isa = PBXFileReference; lastKnownFileType = archive.ar; name = libyoga.a; path = "../../../../../../../../../Library/Developer/Xcode/DerivedData/yoga-hdfifpwsinitsibujacpiefkjfdy/Build/Products/Debug/libyoga.a"; sourceTree = "<group>"; };
		830213F31A654E0800B993E6 /* RCTBridgeModule.h */ = {isa = PBXFileReference; lastKnownFileType = sourcecode.c.h; path = RCTBridgeModule.h; sourceTree = "<group>"; };
		83CBBA2E1A601D0E00E9B192 /* libReact.a */ = {isa = PBXFileReference; explicitFileType = archive.ar; includeInIndex = 0; path = libReact.a; sourceTree = BUILT_PRODUCTS_DIR; };
		83CBBA5E1A601EAA00E9B192 /* RCTBridge.h */ = {isa = PBXFileReference; fileEncoding = 4; lastKnownFileType = sourcecode.c.h; path = RCTBridge.h; sourceTree = "<group>"; };
		83CBBA5F1A601EAA00E9B192 /* RCTBridge.m */ = {isa = PBXFileReference; fileEncoding = 4; lastKnownFileType = sourcecode.c.objc; path = RCTBridge.m; sourceTree = "<group>"; };
		8A071D822174783100DD499C /* RCTAssert.h */ = {isa = PBXFileReference; fileEncoding = 4; lastKnownFileType = sourcecode.c.h; path = RCTAssert.h; sourceTree = "<group>"; };
		8A071D832174783100DD499C /* RCTAssert.m */ = {isa = PBXFileReference; fileEncoding = 4; lastKnownFileType = sourcecode.c.objc; path = RCTAssert.m; sourceTree = "<group>"; };
		8A071D862174788000DD499C /* RCTUtils.m */ = {isa = PBXFileReference; fileEncoding = 4; lastKnownFileType = sourcecode.c.objc; path = RCTUtils.m; sourceTree = "<group>"; };
		8A071D872174788000DD499C /* RCTUtils.h */ = {isa = PBXFileReference; fileEncoding = 4; lastKnownFileType = sourcecode.c.h; path = RCTUtils.h; sourceTree = "<group>"; };
		8A071D882174788000DD499C /* RCTLog.mm */ = {isa = PBXFileReference; fileEncoding = 4; lastKnownFileType = sourcecode.cpp.objcpp; path = RCTLog.mm; sourceTree = "<group>"; };
		8A071D892174788000DD499C /* RCTLog.h */ = {isa = PBXFileReference; fileEncoding = 4; lastKnownFileType = sourcecode.c.h; path = RCTLog.h; sourceTree = "<group>"; };
		8ABB415D21788FD100E036A9 /* RCTCxxBridge.h */ = {isa = PBXFileReference; lastKnownFileType = sourcecode.c.h; path = RCTCxxBridge.h; sourceTree = "<group>"; };
		8ABB415E21788FD100E036A9 /* RCTCxxBridge.mm */ = {isa = PBXFileReference; lastKnownFileType = sourcecode.cpp.objcpp; path = RCTCxxBridge.mm; sourceTree = "<group>"; };
		C606692D1F3CC60500E67165 /* RCTModuleMethod.mm */ = {isa = PBXFileReference; fileEncoding = 4; lastKnownFileType = sourcecode.cpp.objcpp; path = RCTModuleMethod.mm; sourceTree = "<group>"; };
/* End PBXFileReference section */

/* Begin PBXFrameworksBuildPhase section */
		3D3C08881DE342EE00C268FA /* Frameworks */ = {
			isa = PBXFrameworksBuildPhase;
			buildActionMask = 2147483647;
			files = (
				3D383D6D1EBD2940005632C8 /* libdouble-conversion.a in Frameworks */,
				3D383D6F1EBD2940005632C8 /* libthird-party.a in Frameworks */,
				3D3CD9411DE5FC5300167DC4 /* libcxxreact.a in Frameworks */,
			);
			runOnlyForDeploymentPostprocessing = 0;
		};
/* End PBXFrameworksBuildPhase section */

/* Begin PBXGroup section */
		1304439E1E3FEA8B00D93A67 /* CxxUtils */ = {
			isa = PBXGroup;
			children = (
				1304439F1E3FEAA900D93A67 /* RCTFollyConvert.h */,
				130443A01E3FEAA900D93A67 /* RCTFollyConvert.mm */,
			);
			name = CxxUtils;
			sourceTree = "<group>";
		};
		13134C721E296B2A00B9F3CB /* CxxBridge */ = {
			isa = PBXGroup;
			children = (
				8ABB415D21788FD100E036A9 /* RCTCxxBridge.h */,
				8ABB415E21788FD100E036A9 /* RCTCxxBridge.mm */,
			);
			path = CxxBridge;
			sourceTree = "<group>";
		};
		13134C7D1E296B2A00B9F3CB /* CxxModule */ = {
			isa = PBXGroup;
			children = (
			);
			path = CxxModule;
			sourceTree = "<group>";
		};
		139D7E381E25C55B00323FB7 /* double-conversion */ = {
			isa = PBXGroup;
			children = (
				139D7E391E25C5A300323FB7 /* bignum-dtoa.cc */,
				139D7E3A1E25C5A300323FB7 /* bignum-dtoa.h */,
				139D7E3B1E25C5A300323FB7 /* bignum.cc */,
				139D7E3C1E25C5A300323FB7 /* bignum.h */,
				139D7E3D1E25C5A300323FB7 /* cached-powers.cc */,
				139D7E3E1E25C5A300323FB7 /* cached-powers.h */,
				139D7E3F1E25C5A300323FB7 /* diy-fp.cc */,
				139D7E401E25C5A300323FB7 /* diy-fp.h */,
				139D7E411E25C5A300323FB7 /* double-conversion.cc */,
				139D7E421E25C5A300323FB7 /* double-conversion.h */,
				139D7E431E25C5A300323FB7 /* fast-dtoa.cc */,
				139D7E441E25C5A300323FB7 /* fast-dtoa.h */,
				139D7E451E25C5A300323FB7 /* fixed-dtoa.cc */,
				139D7E461E25C5A300323FB7 /* fixed-dtoa.h */,
				139D7E471E25C5A300323FB7 /* ieee.h */,
				139D7E481E25C5A300323FB7 /* strtod.cc */,
				139D7E491E25C5A300323FB7 /* strtod.h */,
				139D7E4A1E25C5A300323FB7 /* utils.h */,
			);
			name = "double-conversion";
			path = "../third-party/double-conversion-1.1.6";
			sourceTree = "<group>";
		};
		139D7ED71E25DB9200323FB7 /* glog */ = {
			isa = PBXGroup;
			children = (
				139D7F101E25DEC900323FB7 /* glog */,
				139D7ED81E25DBDC00323FB7 /* config.h */,
				139D7F081E25DE3700323FB7 /* demangle.cc */,
				139D7ED91E25DBDC00323FB7 /* demangle.h */,
				139D7EDA1E25DBDC00323FB7 /* logging.cc */,
				139D7EDB1E25DBDC00323FB7 /* raw_logging.cc */,
				139D7EDC1E25DBDC00323FB7 /* signalhandler.cc */,
				139D7EDD1E25DBDC00323FB7 /* stacktrace.h */,
				139D7EDE1E25DBDC00323FB7 /* symbolize.cc */,
				139D7EDF1E25DBDC00323FB7 /* symbolize.h */,
				139D7EE01E25DBDC00323FB7 /* utilities.cc */,
				139D7EE11E25DBDC00323FB7 /* utilities.h */,
				139D7EE21E25DBDC00323FB7 /* vlog_is_on.cc */,
			);
			name = glog;
			sourceTree = "<group>";
		};
		139D7F101E25DEC900323FB7 /* glog */ = {
			isa = PBXGroup;
			children = (
				139D7F111E25DEC900323FB7 /* log_severity.h */,
				139D7F121E25DEC900323FB7 /* logging.h */,
				139D7F141E25DEC900323FB7 /* raw_logging.h */,
				139D7F161E25DEC900323FB7 /* stl_logging.h */,
				139D7F181E25DEC900323FB7 /* vlog_is_on.h */,
			);
			name = glog;
			path = "../third-party/glog-0.3.5/src/glog";
			sourceTree = "<group>";
		};
		139D849B1E2739EC00323FB7 /* folly */ = {
			isa = PBXGroup;
			children = (
				13F887A01E2977D800C3C7A1 /* MallocImpl.cpp */,
				13F8879C1E29740700C3C7A1 /* BitsFunctexcept.cpp */,
				13F887521E2971C500C3C7A1 /* Demangle.cpp */,
				13F887531E2971C500C3C7A1 /* StringBase.cpp */,
				13F887541E2971C500C3C7A1 /* Unicode.cpp */,
				139D849C1E273B5600323FB7 /* AtomicIntrusiveLinkedList.h */,
				139D849D1E273B5600323FB7 /* Bits.cpp */,
				139D849E1E273B5600323FB7 /* Bits.h */,
				139D849F1E273B5600323FB7 /* Conv.cpp */,
				139D84A01E273B5600323FB7 /* Conv.h */,
				139D84A11E273B5600323FB7 /* dynamic-inl.h */,
				139D84A21E273B5600323FB7 /* dynamic.cpp */,
				139D84A31E273B5600323FB7 /* dynamic.h */,
				139D84A41E273B5600323FB7 /* Exception.h */,
				139D84A71E273B5600323FB7 /* json.cpp */,
				139D84A81E273B5600323FB7 /* json.h */,
				139D84A91E273B5600323FB7 /* Memory.h */,
				139D84AA1E273B5600323FB7 /* MoveWrapper.h */,
				139D84AB1E273B5600323FB7 /* Optional.h */,
				139D84AC1E273B5600323FB7 /* ScopeGuard.h */,
			);
			name = folly;
			path = "../third-party/folly-2016.10.31.00";
			sourceTree = "<group>";
		};
		3D10A3C71DDF3CED004A0F9D /* ReactCommon */ = {
			isa = PBXGroup;
			children = (
				AC70D2EA1DE489FC002E6351 /* cxxreact */,
			);
			name = ReactCommon;
			path = ../ReactCommon;
			sourceTree = "<group>";
		};
		3D92B1151E036A690018521A /* ThirdParty */ = {
			isa = PBXGroup;
			children = (
				139D849B1E2739EC00323FB7 /* folly */,
				139D7ED71E25DB9200323FB7 /* glog */,
				139D7E381E25C55B00323FB7 /* double-conversion */,
			);
			name = ThirdParty;
			sourceTree = "<group>";
		};
		53D123821FBF1D49001B8A10 /* Frameworks */ = {
			isa = PBXGroup;
			children = (
				53D123831FBF1D49001B8A10 /* libyoga.a */,
			);
			name = Frameworks;
			sourceTree = "<group>";
		};
		83CBB9F61A601CBA00E9B192 = {
			isa = PBXGroup;
			children = (
				83CBBA2F1A601D0F00E9B192 /* React */,
				3D788F841EBD2D240063D616 /* third-party.xcconfig */,
				3D10A3C71DDF3CED004A0F9D /* ReactCommon */,
				3D92B1151E036A690018521A /* ThirdParty */,
				83CBBA001A601CBA00E9B192 /* Products */,
				53D123821FBF1D49001B8A10 /* Frameworks */,
			);
			indentWidth = 2;
			sourceTree = "<group>";
			tabWidth = 2;
			usesTabs = 0;
		};
		83CBBA001A601CBA00E9B192 /* Products */ = {
			isa = PBXGroup;
			children = (
				83CBBA2E1A601D0E00E9B192 /* libReact.a */,
				3D3CD9251DE5FBEC00167DC4 /* libcxxreact.a */,
				139D7E881E25C6D100323FB7 /* libdouble-conversion.a */,
				139D7ECE1E25DB7D00323FB7 /* libthird-party.a */,
			);
			name = Products;
			sourceTree = "<group>";
		};
		83CBBA2F1A601D0F00E9B192 /* React */ = {
			isa = PBXGroup;
			children = (
				83CBBA491A601E3B00E9B192 /* Base */,
				13134C721E296B2A00B9F3CB /* CxxBridge */,
				13134C7D1E296B2A00B9F3CB /* CxxModule */,
				1304439E1E3FEA8B00D93A67 /* CxxUtils */,
			);
			name = React;
			sourceTree = "<group>";
		};
		83CBBA491A601E3B00E9B192 /* Base */ = {
			isa = PBXGroup;
			children = (
				8A071D892174788000DD499C /* RCTLog.h */,
				8A071D882174788000DD499C /* RCTLog.mm */,
				8A071D872174788000DD499C /* RCTUtils.h */,
				8A071D862174788000DD499C /* RCTUtils.m */,
				8A071D822174783100DD499C /* RCTAssert.h */,
				8A071D832174783100DD499C /* RCTAssert.m */,
				83CBBA5E1A601EAA00E9B192 /* RCTBridge.h */,
				83CBBA5F1A601EAA00E9B192 /* RCTBridge.m */,
				13AFBCA11C07287B00BBAEAA /* RCTBridgeMethod.h */,
				830213F31A654E0800B993E6 /* RCTBridgeModule.h */,
				13AF1F851AE6E777005F5298 /* RCTDefines.h */,
				14C2CA721B3AC64300E6CBB2 /* RCTModuleData.h */,
				14C2CA731B3AC64300E6CBB2 /* RCTModuleData.mm */,
				14C2CA6F1B3AC63800E6CBB2 /* RCTModuleMethod.h */,
				C606692D1F3CC60500E67165 /* RCTModuleMethod.mm */,
			);
			path = Base;
			sourceTree = "<group>";
		};
		AC70D2EA1DE489FC002E6351 /* cxxreact */ = {
			isa = PBXGroup;
			children = (
				3D92B0A71E03699D0018521A /* CxxModule.h */,
				3D92B0C91E03699D0018521A /* MessageQueueThread.h */,
				3D92B0CE1E03699D0018521A /* NativeModule.h */,
				3D92B0D31E03699D0018521A /* SampleCxxModule.cpp */,
				3D92B0D41E03699D0018521A /* SampleCxxModule.h */,
			);
			path = cxxreact;
			sourceTree = "<group>";
		};
/* End PBXGroup section */

/* Begin PBXHeadersBuildPhase section */
		139D7EA41E25C7BD00323FB7 /* Headers */ = {
			isa = PBXHeadersBuildPhase;
			buildActionMask = 2147483647;
			files = (
				139D7EA51E25C85300323FB7 /* bignum-dtoa.h in Headers */,
				139D7EA61E25C85300323FB7 /* bignum.h in Headers */,
				139D7EA71E25C85300323FB7 /* cached-powers.h in Headers */,
				139D7EA81E25C85300323FB7 /* diy-fp.h in Headers */,
				139D7EA91E25C85300323FB7 /* double-conversion.h in Headers */,
				139D7EAA1E25C85300323FB7 /* fast-dtoa.h in Headers */,
				139D7EAB1E25C85300323FB7 /* fixed-dtoa.h in Headers */,
				139D7EAC1E25C85300323FB7 /* ieee.h in Headers */,
				139D7EAD1E25C85300323FB7 /* strtod.h in Headers */,
				139D7EAE1E25C85300323FB7 /* utils.h in Headers */,
			);
			runOnlyForDeploymentPostprocessing = 0;
		};
		3D3CD91A1DE5FBEC00167DC4 /* Headers */ = {
			isa = PBXHeadersBuildPhase;
			buildActionMask = 2147483647;
			files = (
				27595ABC1E575C7800CCE2B1 /* SampleCxxModule.h in Headers */,
				27595AB91E575C7800CCE2B1 /* NativeModule.h in Headers */,
				27595AB61E575C7800CCE2B1 /* MessageQueueThread.h in Headers */,
				27595AA41E575C7800CCE2B1 /* CxxModule.h in Headers */,
			);
			runOnlyForDeploymentPostprocessing = 0;
		};
		3D80DA181DF820500028D040 /* Headers */ = {
			isa = PBXHeadersBuildPhase;
			buildActionMask = 2147483647;
			files = (
				8A071D8D2174788000DD499C /* RCTLog.h in Headers */,
				8A071D8B2174788000DD499C /* RCTUtils.h in Headers */,
				8A071D842174783200DD499C /* RCTAssert.h in Headers */,
				130443A11E3FEAA900D93A67 /* RCTFollyConvert.h in Headers */,
				8ABB415F21788FD100E036A9 /* RCTCxxBridge.h in Headers */,
				3D80DA211DF820620028D040 /* RCTBridge.h in Headers */,
				3D80DA241DF820620028D040 /* RCTBridgeMethod.h in Headers */,
				3D80DA251DF820620028D040 /* RCTBridgeModule.h in Headers */,
				3D80DA281DF820620028D040 /* RCTDefines.h in Headers */,
				3D80DA351DF820620028D040 /* RCTModuleData.h in Headers */,
				3D80DA361DF820620028D040 /* RCTModuleMethod.h in Headers */,
			);
			runOnlyForDeploymentPostprocessing = 0;
		};
/* End PBXHeadersBuildPhase section */

/* Begin PBXNativeTarget section */
		139D7E871E25C6D100323FB7 /* double-conversion */ = {
			isa = PBXNativeTarget;
			buildConfigurationList = 139D7E8E1E25C6D100323FB7 /* Build configuration list for PBXNativeTarget "double-conversion" */;
			buildPhases = (
				190EE32F1E6A43DE00A8543A /* Install Third Party */,
				139D7EA41E25C7BD00323FB7 /* Headers */,
				139D7E841E25C6D100323FB7 /* Sources */,
				139D7E861E25C6D100323FB7 /* CopyFiles */,
			);
			buildRules = (
			);
			dependencies = (
			);
			name = "double-conversion";
			productName = ThirdParty;
			productReference = 139D7E881E25C6D100323FB7 /* libdouble-conversion.a */;
			productType = "com.apple.product-type.library.static";
		};
		139D7ECD1E25DB7D00323FB7 /* third-party */ = {
			isa = PBXNativeTarget;
			buildConfigurationList = 139D7ED41E25DB7D00323FB7 /* Build configuration list for PBXNativeTarget "third-party" */;
			buildPhases = (
				139D7ECA1E25DB7D00323FB7 /* Sources */,
			);
			buildRules = (
			);
			dependencies = (
				1320081D1E283DCB00F0C457 /* PBXTargetDependency */,
			);
			name = "third-party";
			productName = "third-party";
			productReference = 139D7ECE1E25DB7D00323FB7 /* libthird-party.a */;
			productType = "com.apple.product-type.library.static";
		};
		3D3CD9191DE5FBEC00167DC4 /* cxxreact */ = {
			isa = PBXNativeTarget;
			buildConfigurationList = 3D3CD9221DE5FBEC00167DC4 /* Build configuration list for PBXNativeTarget "cxxreact" */;
			buildPhases = (
				3D3CD91A1DE5FBEC00167DC4 /* Headers */,
				3D80DAB91DF821710028D040 /* Copy Headers */,
				3D3CD91F1DE5FBEC00167DC4 /* Sources */,
			);
			buildRules = (
			);
			dependencies = (
			);
			name = cxxreact;
			productName = React;
			productReference = 3D3CD9251DE5FBEC00167DC4 /* libcxxreact.a */;
			productType = "com.apple.product-type.library.static";
		};
		83CBBA2D1A601D0E00E9B192 /* React */ = {
			isa = PBXNativeTarget;
			buildConfigurationList = 83CBBA3F1A601D0F00E9B192 /* Build configuration list for PBXNativeTarget "React" */;
			buildPhases = (
				3D80DA181DF820500028D040 /* Headers */,
				3D80D91E1DF6FA530028D040 /* Copy Headers */,
				83CBBA2A1A601D0E00E9B192 /* Sources */,
				3D3C08881DE342EE00C268FA /* Frameworks */,
			);
			buildRules = (
			);
			dependencies = (
				3D3CD94C1DE5FCE700167DC4 /* PBXTargetDependency */,
			);
			name = React;
			productName = React;
			productReference = 83CBBA2E1A601D0E00E9B192 /* libReact.a */;
			productType = "com.apple.product-type.library.static";
		};
/* End PBXNativeTarget section */

/* Begin PBXProject section */
		83CBB9F71A601CBA00E9B192 /* Project object */ = {
			isa = PBXProject;
			attributes = {
				LastUpgradeCheck = 0940;
				ORGANIZATIONNAME = Facebook;
				TargetAttributes = {
					139D7E871E25C6D100323FB7 = {
						CreatedOnToolsVersion = 8.1;
					};
					139D7ECD1E25DB7D00323FB7 = {
						CreatedOnToolsVersion = 8.1;
					};
					83CBBA2D1A601D0E00E9B192 = {
						CreatedOnToolsVersion = 6.1.1;
					};
				};
			};
			buildConfigurationList = 83CBB9FA1A601CBA00E9B192 /* Build configuration list for PBXProject "React" */;
			compatibilityVersion = "Xcode 3.2";
			developmentRegion = English;
			hasScannedForEncodings = 0;
			knownRegions = (
				en,
				Base,
			);
			mainGroup = 83CBB9F61A601CBA00E9B192;
			productRefGroup = 83CBBA001A601CBA00E9B192 /* Products */;
			projectDirPath = "";
			projectRoot = "";
			targets = (
				83CBBA2D1A601D0E00E9B192 /* React */,
				3D3CD9191DE5FBEC00167DC4 /* cxxreact */,
				139D7ECD1E25DB7D00323FB7 /* third-party */,
				139D7E871E25C6D100323FB7 /* double-conversion */,
			);
		};
/* End PBXProject section */

/* Begin PBXShellScriptBuildPhase section */
		190EE32F1E6A43DE00A8543A /* Install Third Party */ = {
			isa = PBXShellScriptBuildPhase;
			buildActionMask = 2147483647;
			files = (
			);
			inputPaths = (
			);
			name = "Install Third Party";
			outputPaths = (
			);
			runOnlyForDeploymentPostprocessing = 0;
			shellPath = /bin/sh;
			shellScript = "cd \"$SRCROOT/..\"\nexec ./scripts/ios-install-third-party.sh";
		};
/* End PBXShellScriptBuildPhase section */

/* Begin PBXSourcesBuildPhase section */
		139D7E841E25C6D100323FB7 /* Sources */ = {
			isa = PBXSourcesBuildPhase;
			buildActionMask = 2147483647;
			files = (
				139D7E911E25C70B00323FB7 /* bignum-dtoa.cc in Sources */,
				139D7E931E25C70B00323FB7 /* bignum.cc in Sources */,
				139D7E951E25C70B00323FB7 /* cached-powers.cc in Sources */,
				139D7E971E25C70B00323FB7 /* diy-fp.cc in Sources */,
				139D7E991E25C70B00323FB7 /* double-conversion.cc in Sources */,
				139D7E9B1E25C70B00323FB7 /* fast-dtoa.cc in Sources */,
				139D7E9D1E25C70B00323FB7 /* fixed-dtoa.cc in Sources */,
				139D7EA01E25C70B00323FB7 /* strtod.cc in Sources */,
			);
			runOnlyForDeploymentPostprocessing = 0;
		};
		139D7ECA1E25DB7D00323FB7 /* Sources */ = {
			isa = PBXSourcesBuildPhase;
			buildActionMask = 2147483647;
			files = (
				139D84B01E273B5600323FB7 /* Conv.cpp in Sources */,
				13F887591E2971D400C3C7A1 /* StringBase.cpp in Sources */,
				139D7F031E25DE1100323FB7 /* raw_logging.cc in Sources */,
				139D7F041E25DE1100323FB7 /* signalhandler.cc in Sources */,
				139D84B11E273B5600323FB7 /* dynamic.cpp in Sources */,
				139D7F061E25DE1100323FB7 /* utilities.cc in Sources */,
				13F887A21E2977FF00C3C7A1 /* MallocImpl.cpp in Sources */,
				139D84AF1E273B5600323FB7 /* Bits.cpp in Sources */,
				139D7F051E25DE1100323FB7 /* symbolize.cc in Sources */,
				139D7F071E25DE1100323FB7 /* vlog_is_on.cc in Sources */,
				13F8875A1E2971D400C3C7A1 /* Unicode.cpp in Sources */,
				139D7F091E25DE3700323FB7 /* demangle.cc in Sources */,
				13F887581E2971D400C3C7A1 /* Demangle.cpp in Sources */,
				139D7F021E25DE1100323FB7 /* logging.cc in Sources */,
				139D84B31E273B5600323FB7 /* json.cpp in Sources */,
				13F8879F1E29741900C3C7A1 /* BitsFunctexcept.cpp in Sources */,
			);
			runOnlyForDeploymentPostprocessing = 0;
		};
		3D3CD91F1DE5FBEC00167DC4 /* Sources */ = {
			isa = PBXSourcesBuildPhase;
			buildActionMask = 2147483647;
			files = (
				13F887801E29726200C3C7A1 /* SampleCxxModule.cpp in Sources */,
			);
			runOnlyForDeploymentPostprocessing = 0;
		};
		83CBBA2A1A601D0E00E9B192 /* Sources */ = {
			isa = PBXSourcesBuildPhase;
			buildActionMask = 2147483647;
			files = (
				59EDBCB31FDF4E0C003573DE /* (null) in Sources */,
				130443A21E3FEAA900D93A67 /* RCTFollyConvert.mm in Sources */,
				C606692E1F3CC60500E67165 /* RCTModuleMethod.mm in Sources */,
				8A071D852174783200DD499C /* RCTAssert.m in Sources */,
				59EDBCAB1FDF4E0C003573DE /* (null) in Sources */,
				14C2CA741B3AC64300E6CBB2 /* RCTModuleData.mm in Sources */,
				8A071D8C2174788000DD499C /* RCTLog.mm in Sources */,
				83CBBA601A601EAA00E9B192 /* RCTBridge.m in Sources */,
				8ABB416021788FD100E036A9 /* RCTCxxBridge.mm in Sources */,
				8A071D8A2174788000DD499C /* RCTUtils.m in Sources */,
			);
			runOnlyForDeploymentPostprocessing = 0;
		};
/* End PBXSourcesBuildPhase section */

/* Begin PBXTargetDependency section */
		1320081D1E283DCB00F0C457 /* PBXTargetDependency */ = {
			isa = PBXTargetDependency;
			target = 139D7E871E25C6D100323FB7 /* double-conversion */;
			targetProxy = 1320081C1E283DCB00F0C457 /* PBXContainerItemProxy */;
		};
		3D3CD94C1DE5FCE700167DC4 /* PBXTargetDependency */ = {
			isa = PBXTargetDependency;
			target = 3D3CD9191DE5FBEC00167DC4 /* cxxreact */;
			targetProxy = 3D3CD94B1DE5FCE700167DC4 /* PBXContainerItemProxy */;
		};
/* End PBXTargetDependency section */

/* Begin XCBuildConfiguration section */
		139D7E8F1E25C6D100323FB7 /* Debug */ = {
			isa = XCBuildConfiguration;
			buildSettings = {
				ALWAYS_SEARCH_USER_PATHS = NO;
				CLANG_ANALYZER_NONNULL = YES;
				CLANG_WARN_DOCUMENTATION_COMMENTS = YES;
				CLANG_WARN_SUSPICIOUS_MOVES = YES;
				DEBUG_INFORMATION_FORMAT = dwarf;
				OTHER_LDFLAGS = "-ObjC";
				PRIVATE_HEADERS_FOLDER_PATH = "/usr/local/include/double-conversion";
				PRODUCT_NAME = "$(TARGET_NAME)";
				SKIP_INSTALL = YES;
			};
			name = Debug;
		};
		139D7E901E25C6D100323FB7 /* Release */ = {
			isa = XCBuildConfiguration;
			buildSettings = {
				ALWAYS_SEARCH_USER_PATHS = NO;
				CLANG_ANALYZER_NONNULL = YES;
				CLANG_WARN_DOCUMENTATION_COMMENTS = YES;
				CLANG_WARN_SUSPICIOUS_MOVES = YES;
				COPY_PHASE_STRIP = NO;
				DEBUG_INFORMATION_FORMAT = "dwarf-with-dsym";
				OTHER_LDFLAGS = "-ObjC";
				PRIVATE_HEADERS_FOLDER_PATH = "/usr/local/include/double-conversion";
				PRODUCT_NAME = "$(TARGET_NAME)";
				SKIP_INSTALL = YES;
			};
			name = Release;
		};
		139D7ED51E25DB7D00323FB7 /* Debug */ = {
			isa = XCBuildConfiguration;
			baseConfigurationReference = 3D788F841EBD2D240063D616 /* third-party.xcconfig */;
			buildSettings = {
				ALWAYS_SEARCH_USER_PATHS = NO;
				CLANG_ANALYZER_NONNULL = YES;
				CLANG_WARN_DOCUMENTATION_COMMENTS = YES;
				CLANG_WARN_SUSPICIOUS_MOVES = YES;
				DEBUG_INFORMATION_FORMAT = dwarf;
				OTHER_CPLUSPLUSFLAGS = "$(OTHER_CFLAGS)";
				OTHER_LDFLAGS = "-ObjC";
				PRODUCT_NAME = "$(TARGET_NAME)";
				SKIP_INSTALL = YES;
				USER_HEADER_SEARCH_PATHS = "";
			};
			name = Debug;
		};
		139D7ED61E25DB7D00323FB7 /* Release */ = {
			isa = XCBuildConfiguration;
			baseConfigurationReference = 3D788F841EBD2D240063D616 /* third-party.xcconfig */;
			buildSettings = {
				ALWAYS_SEARCH_USER_PATHS = NO;
				CLANG_ANALYZER_NONNULL = YES;
				CLANG_WARN_DOCUMENTATION_COMMENTS = YES;
				CLANG_WARN_SUSPICIOUS_MOVES = YES;
				COPY_PHASE_STRIP = NO;
				DEBUG_INFORMATION_FORMAT = "dwarf-with-dsym";
				OTHER_CPLUSPLUSFLAGS = "$(OTHER_CFLAGS)";
				OTHER_LDFLAGS = "-ObjC";
				PRODUCT_NAME = "$(TARGET_NAME)";
				SKIP_INSTALL = YES;
				USER_HEADER_SEARCH_PATHS = "";
			};
			name = Release;
		};
		3D3CD9231DE5FBEC00167DC4 /* Debug */ = {
			isa = XCBuildConfiguration;
			baseConfigurationReference = 3D788F841EBD2D240063D616 /* third-party.xcconfig */;
			buildSettings = {
				CLANG_CXX_LANGUAGE_STANDARD = "c++14";
				CLANG_STATIC_ANALYZER_MODE = deep;
				GCC_WARN_ABOUT_MISSING_NEWLINE = YES;
				OTHER_LDFLAGS = "-ObjC";
				PRODUCT_NAME = "$(TARGET_NAME)";
				PUBLIC_HEADERS_FOLDER_PATH = /usr/local/include/cxxreact;
				RUN_CLANG_STATIC_ANALYZER = YES;
			};
			name = Debug;
		};
		3D3CD9241DE5FBEC00167DC4 /* Release */ = {
			isa = XCBuildConfiguration;
			baseConfigurationReference = 3D788F841EBD2D240063D616 /* third-party.xcconfig */;
			buildSettings = {
				CLANG_CXX_LANGUAGE_STANDARD = "c++14";
				CLANG_STATIC_ANALYZER_MODE = deep;
				GCC_PREPROCESSOR_DEFINITIONS = "$(inherited)";
				GCC_WARN_ABOUT_MISSING_NEWLINE = YES;
				OTHER_LDFLAGS = "-ObjC";
				PRODUCT_NAME = "$(TARGET_NAME)";
				PUBLIC_HEADERS_FOLDER_PATH = /usr/local/include/cxxreact;
				RUN_CLANG_STATIC_ANALYZER = NO;
			};
			name = Release;
		};
		83CBBA201A601CBA00E9B192 /* Debug */ = {
			isa = XCBuildConfiguration;
			buildSettings = {
				CLANG_CXX_LANGUAGE_STANDARD = "gnu++0x";
				CLANG_CXX_LIBRARY = "libc++";
				CLANG_ENABLE_MODULES = YES;
				CLANG_ENABLE_OBJC_ARC = YES;
				CLANG_WARN_BLOCK_CAPTURE_AUTORELEASING = YES;
				CLANG_WARN_BOOL_CONVERSION = YES;
				CLANG_WARN_COMMA = YES;
				CLANG_WARN_CONSTANT_CONVERSION = YES;
				CLANG_WARN_DEPRECATED_OBJC_IMPLEMENTATIONS = YES;
				CLANG_WARN_DIRECT_OBJC_ISA_USAGE = YES_ERROR;
				CLANG_WARN_EMPTY_BODY = YES;
				CLANG_WARN_ENUM_CONVERSION = YES;
				CLANG_WARN_INFINITE_RECURSION = YES;
				CLANG_WARN_INT_CONVERSION = YES;
				CLANG_WARN_NON_LITERAL_NULL_CONVERSION = YES;
				CLANG_WARN_OBJC_IMPLICIT_RETAIN_SELF = YES;
				CLANG_WARN_OBJC_LITERAL_CONVERSION = YES;
				CLANG_WARN_OBJC_ROOT_CLASS = YES_ERROR;
				CLANG_WARN_RANGE_LOOP_ANALYSIS = YES;
				CLANG_WARN_STRICT_PROTOTYPES = YES;
				CLANG_WARN_SUSPICIOUS_MOVE = YES;
				CLANG_WARN_UNREACHABLE_CODE = YES;
				CLANG_WARN__DUPLICATE_METHOD_MATCH = YES;
				"CODE_SIGN_IDENTITY[sdk=iphoneos*]" = "iPhone Developer";
				COPY_PHASE_STRIP = NO;
				ENABLE_STRICT_OBJC_MSGSEND = YES;
				ENABLE_TESTABILITY = YES;
				GCC_C_LANGUAGE_STANDARD = gnu99;
				GCC_DYNAMIC_NO_PIC = NO;
				GCC_NO_COMMON_BLOCKS = YES;
				GCC_OPTIMIZATION_LEVEL = 0;
				GCC_PREPROCESSOR_DEFINITIONS = (
					"DEBUG=1",
					"RCT_DEBUG=1",
					"RCT_DEV=1",
					"RCT_NSASSERT=1",
				);
				GCC_SYMBOLS_PRIVATE_EXTERN = NO;
				GCC_WARN_64_TO_32_BIT_CONVERSION = YES;
				GCC_WARN_ABOUT_MISSING_PROTOTYPES = YES;
				GCC_WARN_ABOUT_RETURN_TYPE = YES_ERROR;
				GCC_WARN_INITIALIZER_NOT_FULLY_BRACKETED = YES;
				GCC_WARN_SHADOW = YES;
				GCC_WARN_UNDECLARED_SELECTOR = YES;
				GCC_WARN_UNINITIALIZED_AUTOS = YES_AGGRESSIVE;
				GCC_WARN_UNUSED_FUNCTION = YES;
				GCC_WARN_UNUSED_VARIABLE = YES;
				IPHONEOS_DEPLOYMENT_TARGET = 9.0;
				MTL_ENABLE_DEBUG_INFO = YES;
				ONLY_ACTIVE_ARCH = YES;
				SDKROOT = iphoneos;
				SKIP_INSTALL = YES;
				TVOS_DEPLOYMENT_TARGET = 9.2;
				WARNING_CFLAGS = (
					"-Wextra",
					"-Wall",
					"-Wno-semicolon-before-method-body",
				);
			};
			name = Debug;
		};
		83CBBA211A601CBA00E9B192 /* Release */ = {
			isa = XCBuildConfiguration;
			buildSettings = {
				CLANG_CXX_LANGUAGE_STANDARD = "gnu++0x";
				CLANG_CXX_LIBRARY = "libc++";
				CLANG_ENABLE_MODULES = YES;
				CLANG_ENABLE_OBJC_ARC = YES;
				CLANG_WARN_BLOCK_CAPTURE_AUTORELEASING = YES;
				CLANG_WARN_BOOL_CONVERSION = YES;
				CLANG_WARN_COMMA = YES;
				CLANG_WARN_CONSTANT_CONVERSION = YES;
				CLANG_WARN_DEPRECATED_OBJC_IMPLEMENTATIONS = YES;
				CLANG_WARN_DIRECT_OBJC_ISA_USAGE = YES_ERROR;
				CLANG_WARN_EMPTY_BODY = YES;
				CLANG_WARN_ENUM_CONVERSION = YES;
				CLANG_WARN_INFINITE_RECURSION = YES;
				CLANG_WARN_INT_CONVERSION = YES;
				CLANG_WARN_NON_LITERAL_NULL_CONVERSION = YES;
				CLANG_WARN_OBJC_IMPLICIT_RETAIN_SELF = YES;
				CLANG_WARN_OBJC_LITERAL_CONVERSION = YES;
				CLANG_WARN_OBJC_ROOT_CLASS = YES_ERROR;
				CLANG_WARN_RANGE_LOOP_ANALYSIS = YES;
				CLANG_WARN_STRICT_PROTOTYPES = YES;
				CLANG_WARN_SUSPICIOUS_MOVE = YES;
				CLANG_WARN_UNREACHABLE_CODE = YES;
				CLANG_WARN__DUPLICATE_METHOD_MATCH = YES;
				"CODE_SIGN_IDENTITY[sdk=iphoneos*]" = "iPhone Developer";
				COPY_PHASE_STRIP = YES;
				ENABLE_NS_ASSERTIONS = NO;
				ENABLE_STRICT_OBJC_MSGSEND = YES;
				GCC_C_LANGUAGE_STANDARD = gnu99;
				GCC_NO_COMMON_BLOCKS = YES;
				GCC_PREPROCESSOR_DEFINITIONS = "";
				GCC_WARN_64_TO_32_BIT_CONVERSION = YES;
				GCC_WARN_ABOUT_MISSING_PROTOTYPES = YES;
				GCC_WARN_ABOUT_RETURN_TYPE = YES_ERROR;
				GCC_WARN_INITIALIZER_NOT_FULLY_BRACKETED = YES;
				GCC_WARN_SHADOW = YES;
				GCC_WARN_UNDECLARED_SELECTOR = YES;
				GCC_WARN_UNINITIALIZED_AUTOS = YES_AGGRESSIVE;
				GCC_WARN_UNUSED_FUNCTION = YES;
				GCC_WARN_UNUSED_VARIABLE = YES;
				IPHONEOS_DEPLOYMENT_TARGET = 9.0;
				MTL_ENABLE_DEBUG_INFO = NO;
				SDKROOT = iphoneos;
				SKIP_INSTALL = YES;
				TVOS_DEPLOYMENT_TARGET = 9.2;
				VALIDATE_PRODUCT = YES;
				WARNING_CFLAGS = (
					"-Wextra",
					"-Wall",
					"-Wno-semicolon-before-method-body",
				);
			};
			name = Release;
		};
		83CBBA401A601D0F00E9B192 /* Debug */ = {
			isa = XCBuildConfiguration;
			baseConfigurationReference = 3D788F841EBD2D240063D616 /* third-party.xcconfig */;
			buildSettings = {
				CLANG_CXX_LANGUAGE_STANDARD = "c++14";
				CLANG_STATIC_ANALYZER_MODE = deep;
				GCC_PREPROCESSOR_DEFINITIONS = (
					"DEBUG=1",
					"RCT_DEBUG=1",
					"RCT_DEV=1",
					"RCT_NSASSERT=1",
					"RCT_METRO_PORT=${RCT_METRO_PORT}",
				);
				GCC_WARN_ABOUT_MISSING_NEWLINE = YES;
				OTHER_LDFLAGS = (
					"-ObjC",
					"-weak_framework",
					WebKit,
				);
				PRODUCT_NAME = "$(TARGET_NAME)";
				PUBLIC_HEADERS_FOLDER_PATH = /usr/local/include/React;
				RUN_CLANG_STATIC_ANALYZER = YES;
			};
			name = Debug;
		};
		83CBBA411A601D0F00E9B192 /* Release */ = {
			isa = XCBuildConfiguration;
			baseConfigurationReference = 3D788F841EBD2D240063D616 /* third-party.xcconfig */;
			buildSettings = {
				CLANG_CXX_LANGUAGE_STANDARD = "c++14";
				CLANG_STATIC_ANALYZER_MODE = deep;
				GCC_PREPROCESSOR_DEFINITIONS = (
					"$(inherited)",
					"RCT_METRO_PORT=${RCT_METRO_PORT}",
				);
				GCC_WARN_ABOUT_MISSING_NEWLINE = YES;
				OTHER_LDFLAGS = (
					"-ObjC",
					"-weak_framework",
					WebKit,
				);
				PRODUCT_NAME = "$(TARGET_NAME)";
				PUBLIC_HEADERS_FOLDER_PATH = /usr/local/include/React;
				RUN_CLANG_STATIC_ANALYZER = NO;
			};
			name = Release;
		};
/* End XCBuildConfiguration section */

/* Begin XCConfigurationList section */
		139D7E8E1E25C6D100323FB7 /* Build configuration list for PBXNativeTarget "double-conversion" */ = {
			isa = XCConfigurationList;
			buildConfigurations = (
				139D7E8F1E25C6D100323FB7 /* Debug */,
				139D7E901E25C6D100323FB7 /* Release */,
			);
			defaultConfigurationIsVisible = 0;
			defaultConfigurationName = Release;
		};
		139D7ED41E25DB7D00323FB7 /* Build configuration list for PBXNativeTarget "third-party" */ = {
			isa = XCConfigurationList;
			buildConfigurations = (
				139D7ED51E25DB7D00323FB7 /* Debug */,
				139D7ED61E25DB7D00323FB7 /* Release */,
			);
			defaultConfigurationIsVisible = 0;
			defaultConfigurationName = Release;
		};
		3D3CD9221DE5FBEC00167DC4 /* Build configuration list for PBXNativeTarget "cxxreact" */ = {
			isa = XCConfigurationList;
			buildConfigurations = (
				3D3CD9231DE5FBEC00167DC4 /* Debug */,
				3D3CD9241DE5FBEC00167DC4 /* Release */,
			);
			defaultConfigurationIsVisible = 0;
			defaultConfigurationName = Release;
		};
		83CBB9FA1A601CBA00E9B192 /* Build configuration list for PBXProject "React" */ = {
			isa = XCConfigurationList;
			buildConfigurations = (
				83CBBA201A601CBA00E9B192 /* Debug */,
				83CBBA211A601CBA00E9B192 /* Release */,
			);
			defaultConfigurationIsVisible = 0;
			defaultConfigurationName = Release;
		};
		83CBBA3F1A601D0F00E9B192 /* Build configuration list for PBXNativeTarget "React" */ = {
			isa = XCConfigurationList;
			buildConfigurations = (
				83CBBA401A601D0F00E9B192 /* Debug */,
				83CBBA411A601D0F00E9B192 /* Release */,
			);
			defaultConfigurationIsVisible = 0;
			defaultConfigurationName = Release;
		};
/* End XCConfigurationList section */
	};
	rootObject = 83CBB9F71A601CBA00E9B192 /* Project object */;
}
